// !$*UTF8*$!
{
	archiveVersion = 1;
	classes = {
	};
	objectVersion = 56;
	objects = {

/* Begin PBXBuildFile section */
		393F38352B591641008CCC40 /* Event_AppApp.swift in Sources */ = {isa = PBXBuildFile; fileRef = 393F38342B591641008CCC40 /* Event_AppApp.swift */; };
		393F38372B591641008CCC40 /* ContentView.swift in Sources */ = {isa = PBXBuildFile; fileRef = 393F38362B591641008CCC40 /* ContentView.swift */; };
		393F38392B591642008CCC40 /* Assets.xcassets in Resources */ = {isa = PBXBuildFile; fileRef = 393F38382B591642008CCC40 /* Assets.xcassets */; };
		393F383C2B591642008CCC40 /* Preview Assets.xcassets in Resources */ = {isa = PBXBuildFile; fileRef = 393F383B2B591642008CCC40 /* Preview Assets.xcassets */; };
		393F38502B591643008CCC40 /* Event_AppUITests.swift in Sources */ = {isa = PBXBuildFile; fileRef = 393F384F2B591643008CCC40 /* Event_AppUITests.swift */; };
		393F38522B591643008CCC40 /* Event_AppUITestsLaunchTests.swift in Sources */ = {isa = PBXBuildFile; fileRef = 393F38512B591643008CCC40 /* Event_AppUITestsLaunchTests.swift */; };
/* End PBXBuildFile section */

/* Begin PBXContainerItemProxy section */
		393F38422B591643008CCC40 /* PBXContainerItemProxy */ = {
			isa = PBXContainerItemProxy;
			containerPortal = 393F38292B591641008CCC40 /* Project object */;
			proxyType = 1;
			remoteGlobalIDString = 393F38302B591641008CCC40;
			remoteInfo = "Event App";
		};
		393F384C2B591643008CCC40 /* PBXContainerItemProxy */ = {
			isa = PBXContainerItemProxy;
			containerPortal = 393F38292B591641008CCC40 /* Project object */;
			proxyType = 1;
			remoteGlobalIDString = 393F38302B591641008CCC40;
			remoteInfo = "Event App";
		};
/* End PBXContainerItemProxy section */

/* Begin PBXFileReference section */
		393F38312B591641008CCC40 /* Event App.app */ = {isa = PBXFileReference; explicitFileType = wrapper.application; includeInIndex = 0; path = "Event App.app"; sourceTree = BUILT_PRODUCTS_DIR; };
		393F38342B591641008CCC40 /* Event_AppApp.swift */ = {isa = PBXFileReference; lastKnownFileType = sourcecode.swift; path = Event_AppApp.swift; sourceTree = "<group>"; };
		393F38362B591641008CCC40 /* ContentView.swift */ = {isa = PBXFileReference; lastKnownFileType = sourcecode.swift; path = ContentView.swift; sourceTree = "<group>"; };
		393F38382B591642008CCC40 /* Assets.xcassets */ = {isa = PBXFileReference; lastKnownFileType = folder.assetcatalog; path = Assets.xcassets; sourceTree = "<group>"; };
		393F383B2B591642008CCC40 /* Preview Assets.xcassets */ = {isa = PBXFileReference; lastKnownFileType = folder.assetcatalog; path = "Preview Assets.xcassets"; sourceTree = "<group>"; };
		393F38412B591643008CCC40 /* Event AppTests.xctest */ = {isa = PBXFileReference; explicitFileType = wrapper.cfbundle; includeInIndex = 0; path = "Event AppTests.xctest"; sourceTree = BUILT_PRODUCTS_DIR; };
		393F384B2B591643008CCC40 /* Event AppUITests.xctest */ = {isa = PBXFileReference; explicitFileType = wrapper.cfbundle; includeInIndex = 0; path = "Event AppUITests.xctest"; sourceTree = BUILT_PRODUCTS_DIR; };
		393F384F2B591643008CCC40 /* Event_AppUITests.swift */ = {isa = PBXFileReference; lastKnownFileType = sourcecode.swift; path = Event_AppUITests.swift; sourceTree = "<group>"; };
		393F38512B591643008CCC40 /* Event_AppUITestsLaunchTests.swift */ = {isa = PBXFileReference; lastKnownFileType = sourcecode.swift; path = Event_AppUITestsLaunchTests.swift; sourceTree = "<group>"; };

/* End PBXFileReference section */

/* Begin PBXFrameworksBuildPhase section */
		393F382E2B591641008CCC40 /* Frameworks */ = {
			isa = PBXFrameworksBuildPhase;
			buildActionMask = 2147483647;
			files = (
				393F38942B59196D008CCC40 /* Alamofire in Frameworks */,
			);
			runOnlyForDeploymentPostprocessing = 0;
		};
		393F383E2B591643008CCC40 /* Frameworks */ = {
			isa = PBXFrameworksBuildPhase;
			buildActionMask = 2147483647;
			files = (
			);
			runOnlyForDeploymentPostprocessing = 0;
		};
		393F38482B591643008CCC40 /* Frameworks */ = {
			isa = PBXFrameworksBuildPhase;
			buildActionMask = 2147483647;
			files = (
			);
			runOnlyForDeploymentPostprocessing = 0;
		};
/* End PBXFrameworksBuildPhase section */

/* Begin PBXGroup section */
		393F38282B591641008CCC40 = {
			isa = PBXGroup;
			children = (
				B702033E2B59233500B721AA /* HomeUI */,
				393F38332B591641008CCC40 /* Event App */,
				393F38442B591643008CCC40 /* Event AppTests */,
				393F388E2B591945008CCC40 /* EventModelTest.swift */,
				393F388F2B591946008CCC40 /* UserModelTest.swift */,
				393F384E2B591643008CCC40 /* Event AppUITests */,
				393F38322B591641008CCC40 /* Products */,
			);
			sourceTree = "<group>";
		};
		393F38322B591641008CCC40 /* Products */ = {
			isa = PBXGroup;
			children = (
				393F38312B591641008CCC40 /* Event App.app */,
				393F38412B591643008CCC40 /* Event AppTests.xctest */,
				393F384B2B591643008CCC40 /* Event AppUITests.xctest */,
			);
			name = Products;
			sourceTree = "<group>";
		};
		393F38332B591641008CCC40 /* Event App */ = {
			isa = PBXGroup;
			children = (
				393F386B2B591865008CCC40 /* Model */,
				393F38602B591838008CCC40 /* View Model */,
				393F38342B591641008CCC40 /* Event_AppApp.swift */,
				393F38362B591641008CCC40 /* ContentView.swift */,
				393F38382B591642008CCC40 /* Assets.xcassets */,
				393F383A2B591642008CCC40 /* Preview Content */,
			);
			path = "Event App";
			sourceTree = "<group>";
		};
		393F383A2B591642008CCC40 /* Preview Content */ = {
			isa = PBXGroup;
			children = (
				393F383B2B591642008CCC40 /* Preview Assets.xcassets */,
			);
			path = "Preview Content";
			sourceTree = "<group>";
		};
		393F38442B591643008CCC40 /* Event AppTests */ = {
			isa = PBXGroup;
			children = (
				393F388B2B591928008CCC40 /* Json */,
			);
			path = "Event AppTests";
			sourceTree = "<group>";
		};
		393F384E2B591643008CCC40 /* Event AppUITests */ = {
			isa = PBXGroup;
			children = (
				393F384F2B591643008CCC40 /* Event_AppUITests.swift */,
				393F38512B591643008CCC40 /* Event_AppUITestsLaunchTests.swift */,
			);
			path = "Event AppUITests";
			sourceTree = "<group>";
		};

			sourceTree = "<group>";
		};
/* End PBXGroup section */

/* Begin PBXNativeTarget section */
		393F38302B591641008CCC40 /* Event App */ = {
			isa = PBXNativeTarget;
			buildConfigurationList = 393F38552B591643008CCC40 /* Build configuration list for PBXNativeTarget "Event App" */;
			buildPhases = (
				393F382D2B591641008CCC40 /* Sources */,
				393F382E2B591641008CCC40 /* Frameworks */,
				393F382F2B591641008CCC40 /* Resources */,
			);
			buildRules = (
			);
			dependencies = (
			);
			name = "Event App";
			packageProductDependencies = (
				393F38932B59196D008CCC40 /* Alamofire */,
			);
			productName = "Event App";
			productReference = 393F38312B591641008CCC40 /* Event App.app */;
			productType = "com.apple.product-type.application";
		};
		393F38402B591643008CCC40 /* Event AppTests */ = {
			isa = PBXNativeTarget;
			buildConfigurationList = 393F38582B591643008CCC40 /* Build configuration list for PBXNativeTarget "Event AppTests" */;
			buildPhases = (
				393F383D2B591643008CCC40 /* Sources */,
				393F383E2B591643008CCC40 /* Frameworks */,
				393F383F2B591643008CCC40 /* Resources */,
			);
			buildRules = (
			);
			dependencies = (
				393F38432B591643008CCC40 /* PBXTargetDependency */,
			);
			name = "Event AppTests";
			productName = "Event AppTests";
			productReference = 393F38412B591643008CCC40 /* Event AppTests.xctest */;
			productType = "com.apple.product-type.bundle.unit-test";
		};
		393F384A2B591643008CCC40 /* Event AppUITests */ = {
			isa = PBXNativeTarget;
			buildConfigurationList = 393F385B2B591643008CCC40 /* Build configuration list for PBXNativeTarget "Event AppUITests" */;
			buildPhases = (
				393F38472B591643008CCC40 /* Sources */,
				393F38482B591643008CCC40 /* Frameworks */,
				393F38492B591643008CCC40 /* Resources */,
			);
			buildRules = (
			);
			dependencies = (
				393F384D2B591643008CCC40 /* PBXTargetDependency */,
			);
			name = "Event AppUITests";
			productName = "Event AppUITests";
			productReference = 393F384B2B591643008CCC40 /* Event AppUITests.xctest */;
			productType = "com.apple.product-type.bundle.ui-testing";
		};
/* End PBXNativeTarget section */

/* Begin PBXProject section */
		393F38292B591641008CCC40 /* Project object */ = {
			isa = PBXProject;
			attributes = {
				BuildIndependentTargetsInParallel = 1;
				LastSwiftUpdateCheck = 1500;
				LastUpgradeCheck = 1500;
				TargetAttributes = {
					393F38302B591641008CCC40 = {
						CreatedOnToolsVersion = 15.0.1;
					};
					393F38402B591643008CCC40 = {
						CreatedOnToolsVersion = 15.0.1;
						TestTargetID = 393F38302B591641008CCC40;
					};
					393F384A2B591643008CCC40 = {
						CreatedOnToolsVersion = 15.0.1;
						TestTargetID = 393F38302B591641008CCC40;
					};
				};
			};
			buildConfigurationList = 393F382C2B591641008CCC40 /* Build configuration list for PBXProject "Event App" */;
			compatibilityVersion = "Xcode 14.0";
			developmentRegion = en;
			hasScannedForEncodings = 0;
			knownRegions = (
				en,
				Base,
			);
			mainGroup = 393F38282B591641008CCC40;
			packageReferences = (
				393F38922B59196D008CCC40 /* XCRemoteSwiftPackageReference "Alamofire" */,
			);
			productRefGroup = 393F38322B591641008CCC40 /* Products */;
			projectDirPath = "";
			projectRoot = "";
			targets = (
				393F38302B591641008CCC40 /* Event App */,
				393F38402B591643008CCC40 /* Event AppTests */,
				393F384A2B591643008CCC40 /* Event AppUITests */,
			);
		};
/* End PBXProject section */

/* Begin PBXResourcesBuildPhase section */
		393F382F2B591641008CCC40 /* Resources */ = {
			isa = PBXResourcesBuildPhase;
			buildActionMask = 2147483647;
			files = (
				393F383C2B591642008CCC40 /* Preview Assets.xcassets in Resources */,
				393F38392B591642008CCC40 /* Assets.xcassets in Resources */,
			);
			runOnlyForDeploymentPostprocessing = 0;
		};
		393F383F2B591643008CCC40 /* Resources */ = {
			isa = PBXResourcesBuildPhase;
			buildActionMask = 2147483647;
			files = (
				393F388D2B591933008CCC40 /* allUser.json in Resources */,
			);
			runOnlyForDeploymentPostprocessing = 0;
		};
		393F38492B591643008CCC40 /* Resources */ = {
			isa = PBXResourcesBuildPhase;
			buildActionMask = 2147483647;
			files = (
			);
			runOnlyForDeploymentPostprocessing = 0;
		};
/* End PBXResourcesBuildPhase section */

/* Begin PBXSourcesBuildPhase section */
		393F382D2B591641008CCC40 /* Sources */ = {
			isa = PBXSourcesBuildPhase;
			buildActionMask = 2147483647;
			files = (
				393F38352B591641008CCC40 /* Event_AppApp.swift in Sources */,
				B70203462B5970F200B721AA /* HomeView.swift in Sources */,
				B70203582B5971FE00B721AA /* AllEventsView.swift in Sources */,
				B70203422B5923BA00B721AA /* FormModel.swift in Sources */,
				B702034C2B59714B00B721AA /* SearchBarItemView.swift in Sources */,
			);
			runOnlyForDeploymentPostprocessing = 0;
		};
		393F383D2B591643008CCC40 /* Sources */ = {
			isa = PBXSourcesBuildPhase;
			buildActionMask = 2147483647;
			files = (
				393F38902B591946008CCC40 /* EventModelTest.swift in Sources */,
				393F38912B591946008CCC40 /* UserModelTest.swift in Sources */,
			);
			runOnlyForDeploymentPostprocessing = 0;
		};
		393F38472B591643008CCC40 /* Sources */ = {
			isa = PBXSourcesBuildPhase;
			buildActionMask = 2147483647;
			files = (
				393F38502B591643008CCC40 /* Event_AppUITests.swift in Sources */,
				393F38522B591643008CCC40 /* Event_AppUITestsLaunchTests.swift in Sources */,
			);
			runOnlyForDeploymentPostprocessing = 0;
		};
/* End PBXSourcesBuildPhase section */

/* Begin PBXTargetDependency section */
		393F38432B591643008CCC40 /* PBXTargetDependency */ = {
			isa = PBXTargetDependency;
			target = 393F38302B591641008CCC40 /* Event App */;
			targetProxy = 393F38422B591643008CCC40 /* PBXContainerItemProxy */;
		};
		393F384D2B591643008CCC40 /* PBXTargetDependency */ = {
			isa = PBXTargetDependency;
			target = 393F38302B591641008CCC40 /* Event App */;
			targetProxy = 393F384C2B591643008CCC40 /* PBXContainerItemProxy */;
		};
/* End PBXTargetDependency section */

/* Begin XCBuildConfiguration section */
		393F38532B591643008CCC40 /* Debug */ = {
			isa = XCBuildConfiguration;
			buildSettings = {
				ALWAYS_SEARCH_USER_PATHS = NO;
				ASSETCATALOG_COMPILER_GENERATE_SWIFT_ASSET_SYMBOL_EXTENSIONS = YES;
				CLANG_ANALYZER_NONNULL = YES;
				CLANG_ANALYZER_NUMBER_OBJECT_CONVERSION = YES_AGGRESSIVE;
				CLANG_CXX_LANGUAGE_STANDARD = "gnu++20";
				CLANG_ENABLE_MODULES = YES;
				CLANG_ENABLE_OBJC_ARC = YES;
				CLANG_ENABLE_OBJC_WEAK = YES;
				CLANG_WARN_BLOCK_CAPTURE_AUTORELEASING = YES;
				CLANG_WARN_BOOL_CONVERSION = YES;
				CLANG_WARN_COMMA = YES;
				CLANG_WARN_CONSTANT_CONVERSION = YES;
				CLANG_WARN_DEPRECATED_OBJC_IMPLEMENTATIONS = YES;
				CLANG_WARN_DIRECT_OBJC_ISA_USAGE = YES_ERROR;
				CLANG_WARN_DOCUMENTATION_COMMENTS = YES;
				CLANG_WARN_EMPTY_BODY = YES;
				CLANG_WARN_ENUM_CONVERSION = YES;
				CLANG_WARN_INFINITE_RECURSION = YES;
				CLANG_WARN_INT_CONVERSION = YES;
				CLANG_WARN_NON_LITERAL_NULL_CONVERSION = YES;
				CLANG_WARN_OBJC_IMPLICIT_RETAIN_SELF = YES;
				CLANG_WARN_OBJC_LITERAL_CONVERSION = YES;
				CLANG_WARN_OBJC_ROOT_CLASS = YES_ERROR;
				CLANG_WARN_QUOTED_INCLUDE_IN_FRAMEWORK_HEADER = YES;
				CLANG_WARN_RANGE_LOOP_ANALYSIS = YES;
				CLANG_WARN_STRICT_PROTOTYPES = YES;
				CLANG_WARN_SUSPICIOUS_MOVE = YES;
				CLANG_WARN_UNGUARDED_AVAILABILITY = YES_AGGRESSIVE;
				CLANG_WARN_UNREACHABLE_CODE = YES;
				CLANG_WARN__DUPLICATE_METHOD_MATCH = YES;
				COPY_PHASE_STRIP = NO;
				DEBUG_INFORMATION_FORMAT = dwarf;
				ENABLE_STRICT_OBJC_MSGSEND = YES;
				ENABLE_TESTABILITY = YES;
				ENABLE_USER_SCRIPT_SANDBOXING = YES;
				GCC_C_LANGUAGE_STANDARD = gnu17;
				GCC_DYNAMIC_NO_PIC = NO;
				GCC_NO_COMMON_BLOCKS = YES;
				GCC_OPTIMIZATION_LEVEL = 0;
				GCC_PREPROCESSOR_DEFINITIONS = (
					"DEBUG=1",
					"$(inherited)",
				);
				GCC_WARN_64_TO_32_BIT_CONVERSION = YES;
				GCC_WARN_ABOUT_RETURN_TYPE = YES_ERROR;
				GCC_WARN_UNDECLARED_SELECTOR = YES;
				GCC_WARN_UNINITIALIZED_AUTOS = YES_AGGRESSIVE;
				GCC_WARN_UNUSED_FUNCTION = YES;
				GCC_WARN_UNUSED_VARIABLE = YES;
				IPHONEOS_DEPLOYMENT_TARGET = 17.0;
				LOCALIZATION_PREFERS_STRING_CATALOGS = YES;
				MTL_ENABLE_DEBUG_INFO = INCLUDE_SOURCE;
				MTL_FAST_MATH = YES;
				ONLY_ACTIVE_ARCH = YES;
				SDKROOT = iphoneos;
				SWIFT_ACTIVE_COMPILATION_CONDITIONS = "DEBUG $(inherited)";
				SWIFT_OPTIMIZATION_LEVEL = "-Onone";
			};
			name = Debug;
		};
		393F38542B591643008CCC40 /* Release */ = {
			isa = XCBuildConfiguration;
			buildSettings = {
				ALWAYS_SEARCH_USER_PATHS = NO;
				ASSETCATALOG_COMPILER_GENERATE_SWIFT_ASSET_SYMBOL_EXTENSIONS = YES;
				CLANG_ANALYZER_NONNULL = YES;
				CLANG_ANALYZER_NUMBER_OBJECT_CONVERSION = YES_AGGRESSIVE;
				CLANG_CXX_LANGUAGE_STANDARD = "gnu++20";
				CLANG_ENABLE_MODULES = YES;
				CLANG_ENABLE_OBJC_ARC = YES;
				CLANG_ENABLE_OBJC_WEAK = YES;
				CLANG_WARN_BLOCK_CAPTURE_AUTORELEASING = YES;
				CLANG_WARN_BOOL_CONVERSION = YES;
				CLANG_WARN_COMMA = YES;
				CLANG_WARN_CONSTANT_CONVERSION = YES;
				CLANG_WARN_DEPRECATED_OBJC_IMPLEMENTATIONS = YES;
				CLANG_WARN_DIRECT_OBJC_ISA_USAGE = YES_ERROR;
				CLANG_WARN_DOCUMENTATION_COMMENTS = YES;
				CLANG_WARN_EMPTY_BODY = YES;
				CLANG_WARN_ENUM_CONVERSION = YES;
				CLANG_WARN_INFINITE_RECURSION = YES;
				CLANG_WARN_INT_CONVERSION = YES;
				CLANG_WARN_NON_LITERAL_NULL_CONVERSION = YES;
				CLANG_WARN_OBJC_IMPLICIT_RETAIN_SELF = YES;
				CLANG_WARN_OBJC_LITERAL_CONVERSION = YES;
				CLANG_WARN_OBJC_ROOT_CLASS = YES_ERROR;
				CLANG_WARN_QUOTED_INCLUDE_IN_FRAMEWORK_HEADER = YES;
				CLANG_WARN_RANGE_LOOP_ANALYSIS = YES;
				CLANG_WARN_STRICT_PROTOTYPES = YES;
				CLANG_WARN_SUSPICIOUS_MOVE = YES;
				CLANG_WARN_UNGUARDED_AVAILABILITY = YES_AGGRESSIVE;
				CLANG_WARN_UNREACHABLE_CODE = YES;
				CLANG_WARN__DUPLICATE_METHOD_MATCH = YES;
				COPY_PHASE_STRIP = NO;
				DEBUG_INFORMATION_FORMAT = "dwarf-with-dsym";
				ENABLE_NS_ASSERTIONS = NO;
				ENABLE_STRICT_OBJC_MSGSEND = YES;
				ENABLE_USER_SCRIPT_SANDBOXING = YES;
				GCC_C_LANGUAGE_STANDARD = gnu17;
				GCC_NO_COMMON_BLOCKS = YES;
				GCC_WARN_64_TO_32_BIT_CONVERSION = YES;
				GCC_WARN_ABOUT_RETURN_TYPE = YES_ERROR;
				GCC_WARN_UNDECLARED_SELECTOR = YES;
				GCC_WARN_UNINITIALIZED_AUTOS = YES_AGGRESSIVE;
				GCC_WARN_UNUSED_FUNCTION = YES;
				GCC_WARN_UNUSED_VARIABLE = YES;
				IPHONEOS_DEPLOYMENT_TARGET = 17.0;
				LOCALIZATION_PREFERS_STRING_CATALOGS = YES;
				MTL_ENABLE_DEBUG_INFO = NO;
				MTL_FAST_MATH = YES;
				SDKROOT = iphoneos;
				SWIFT_COMPILATION_MODE = wholemodule;
				VALIDATE_PRODUCT = YES;
			};
			name = Release;
		};
		393F38562B591643008CCC40 /* Debug */ = {
			isa = XCBuildConfiguration;
			buildSettings = {
				ASSETCATALOG_COMPILER_APPICON_NAME = AppIcon;
				ASSETCATALOG_COMPILER_GLOBAL_ACCENT_COLOR_NAME = AccentColor;
				CODE_SIGN_STYLE = Automatic;
				CURRENT_PROJECT_VERSION = 1;
				DEVELOPMENT_ASSET_PATHS = "\"Event App/Preview Content\"";
				DEVELOPMENT_TEAM = 27KRXYPLFN;
				ENABLE_PREVIEWS = YES;
				GENERATE_INFOPLIST_FILE = YES;
				INFOPLIST_KEY_UIApplicationSceneManifest_Generation = YES;
				INFOPLIST_KEY_UIApplicationSupportsIndirectInputEvents = YES;
				INFOPLIST_KEY_UILaunchScreen_Generation = YES;
				INFOPLIST_KEY_UISupportedInterfaceOrientations_iPad = "UIInterfaceOrientationPortrait UIInterfaceOrientationPortraitUpsideDown UIInterfaceOrientationLandscapeLeft UIInterfaceOrientationLandscapeRight";
				INFOPLIST_KEY_UISupportedInterfaceOrientations_iPhone = "UIInterfaceOrientationPortrait UIInterfaceOrientationLandscapeLeft UIInterfaceOrientationLandscapeRight";
				LD_RUNPATH_SEARCH_PATHS = (
					"$(inherited)",
					"@executable_path/Frameworks",
				);
				MARKETING_VERSION = 1.0;
				PRODUCT_BUNDLE_IDENTIFIER = "kelvingao.Event-App";
				PRODUCT_NAME = "$(TARGET_NAME)";
				SWIFT_EMIT_LOC_STRINGS = YES;
				SWIFT_VERSION = 5.0;
				TARGETED_DEVICE_FAMILY = "1,2";
			};
			name = Debug;
		};
		393F38572B591643008CCC40 /* Release */ = {
			isa = XCBuildConfiguration;
			buildSettings = {
				ASSETCATALOG_COMPILER_APPICON_NAME = AppIcon;
				ASSETCATALOG_COMPILER_GLOBAL_ACCENT_COLOR_NAME = AccentColor;
				CODE_SIGN_STYLE = Automatic;
				CURRENT_PROJECT_VERSION = 1;
				DEVELOPMENT_ASSET_PATHS = "\"Event App/Preview Content\"";
				DEVELOPMENT_TEAM = 27KRXYPLFN;
				ENABLE_PREVIEWS = YES;
				GENERATE_INFOPLIST_FILE = YES;
				INFOPLIST_KEY_UIApplicationSceneManifest_Generation = YES;
				INFOPLIST_KEY_UIApplicationSupportsIndirectInputEvents = YES;
				INFOPLIST_KEY_UILaunchScreen_Generation = YES;
				INFOPLIST_KEY_UISupportedInterfaceOrientations_iPad = "UIInterfaceOrientationPortrait UIInterfaceOrientationPortraitUpsideDown UIInterfaceOrientationLandscapeLeft UIInterfaceOrientationLandscapeRight";
				INFOPLIST_KEY_UISupportedInterfaceOrientations_iPhone = "UIInterfaceOrientationPortrait UIInterfaceOrientationLandscapeLeft UIInterfaceOrientationLandscapeRight";
				LD_RUNPATH_SEARCH_PATHS = (
					"$(inherited)",
					"@executable_path/Frameworks",
				);
				MARKETING_VERSION = 1.0;
				PRODUCT_BUNDLE_IDENTIFIER = "kelvingao.Event-App";
				PRODUCT_NAME = "$(TARGET_NAME)";
				SWIFT_EMIT_LOC_STRINGS = YES;
				SWIFT_VERSION = 5.0;
				TARGETED_DEVICE_FAMILY = "1,2";
			};
			name = Release;
		};
		393F38592B591643008CCC40 /* Debug */ = {
			isa = XCBuildConfiguration;
			buildSettings = {
				ALWAYS_EMBED_SWIFT_STANDARD_LIBRARIES = YES;
				BUNDLE_LOADER = "$(TEST_HOST)";
				CODE_SIGN_STYLE = Automatic;
				CURRENT_PROJECT_VERSION = 1;
				DEVELOPMENT_TEAM = 27KRXYPLFN;
				GENERATE_INFOPLIST_FILE = YES;
				IPHONEOS_DEPLOYMENT_TARGET = 17.0;
				MARKETING_VERSION = 1.0;
				PRODUCT_BUNDLE_IDENTIFIER = "kelvingao.Event-AppTests";
				PRODUCT_NAME = "$(TARGET_NAME)";
				SWIFT_EMIT_LOC_STRINGS = NO;
				SWIFT_VERSION = 5.0;
				TARGETED_DEVICE_FAMILY = "1,2";
				TEST_HOST = "$(BUILT_PRODUCTS_DIR)/Event App.app/$(BUNDLE_EXECUTABLE_FOLDER_PATH)/Event App";
			};
			name = Debug;
		};
		393F385A2B591643008CCC40 /* Release */ = {
			isa = XCBuildConfiguration;
			buildSettings = {
				ALWAYS_EMBED_SWIFT_STANDARD_LIBRARIES = YES;
				BUNDLE_LOADER = "$(TEST_HOST)";
				CODE_SIGN_STYLE = Automatic;
				CURRENT_PROJECT_VERSION = 1;
				DEVELOPMENT_TEAM = 27KRXYPLFN;
				GENERATE_INFOPLIST_FILE = YES;
				IPHONEOS_DEPLOYMENT_TARGET = 17.0;
				MARKETING_VERSION = 1.0;
				PRODUCT_BUNDLE_IDENTIFIER = "kelvingao.Event-AppTests";
				PRODUCT_NAME = "$(TARGET_NAME)";
				SWIFT_EMIT_LOC_STRINGS = NO;
				SWIFT_VERSION = 5.0;
				TARGETED_DEVICE_FAMILY = "1,2";
				TEST_HOST = "$(BUILT_PRODUCTS_DIR)/Event App.app/$(BUNDLE_EXECUTABLE_FOLDER_PATH)/Event App";
			};
			name = Release;
		};
		393F385C2B591643008CCC40 /* Debug */ = {
			isa = XCBuildConfiguration;
			buildSettings = {
				ALWAYS_EMBED_SWIFT_STANDARD_LIBRARIES = YES;
				CODE_SIGN_STYLE = Automatic;
				CURRENT_PROJECT_VERSION = 1;
				DEVELOPMENT_TEAM = 27KRXYPLFN;
				GENERATE_INFOPLIST_FILE = YES;
				MARKETING_VERSION = 1.0;
				PRODUCT_BUNDLE_IDENTIFIER = "kelvingao.Event-AppUITests";
				PRODUCT_NAME = "$(TARGET_NAME)";
				SWIFT_EMIT_LOC_STRINGS = NO;
				SWIFT_VERSION = 5.0;
				TARGETED_DEVICE_FAMILY = "1,2";
				TEST_TARGET_NAME = "Event App";
			};
			name = Debug;
		};
		393F385D2B591643008CCC40 /* Release */ = {
			isa = XCBuildConfiguration;
			buildSettings = {
				ALWAYS_EMBED_SWIFT_STANDARD_LIBRARIES = YES;
				CODE_SIGN_STYLE = Automatic;
				CURRENT_PROJECT_VERSION = 1;
				DEVELOPMENT_TEAM = 27KRXYPLFN;
				GENERATE_INFOPLIST_FILE = YES;
				MARKETING_VERSION = 1.0;
				PRODUCT_BUNDLE_IDENTIFIER = "kelvingao.Event-AppUITests";
				PRODUCT_NAME = "$(TARGET_NAME)";
				SWIFT_EMIT_LOC_STRINGS = NO;
				SWIFT_VERSION = 5.0;
				TARGETED_DEVICE_FAMILY = "1,2";
				TEST_TARGET_NAME = "Event App";
			};
			name = Release;
		};
/* End XCBuildConfiguration section */

/* Begin XCConfigurationList section */
		393F382C2B591641008CCC40 /* Build configuration list for PBXProject "Event App" */ = {
			isa = XCConfigurationList;
			buildConfigurations = (
				393F38532B591643008CCC40 /* Debug */,
				393F38542B591643008CCC40 /* Release */,
			);
			defaultConfigurationIsVisible = 0;
			defaultConfigurationName = Release;
		};
		393F38552B591643008CCC40 /* Build configuration list for PBXNativeTarget "Event App" */ = {
			isa = XCConfigurationList;
			buildConfigurations = (
				393F38562B591643008CCC40 /* Debug */,
				393F38572B591643008CCC40 /* Release */,
			);
			defaultConfigurationIsVisible = 0;
			defaultConfigurationName = Release;
		};
		393F38582B591643008CCC40 /* Build configuration list for PBXNativeTarget "Event AppTests" */ = {
			isa = XCConfigurationList;
			buildConfigurations = (
				393F38592B591643008CCC40 /* Debug */,
				393F385A2B591643008CCC40 /* Release */,
			);
			defaultConfigurationIsVisible = 0;
			defaultConfigurationName = Release;
		};
		393F385B2B591643008CCC40 /* Build configuration list for PBXNativeTarget "Event AppUITests" */ = {
			isa = XCConfigurationList;
			buildConfigurations = (
				393F385C2B591643008CCC40 /* Debug */,
				393F385D2B591643008CCC40 /* Release */,
			);
			defaultConfigurationIsVisible = 0;
			defaultConfigurationName = Release;
		};
/* End XCConfigurationList section */

/* Begin XCRemoteSwiftPackageReference section */
		393F38922B59196D008CCC40 /* XCRemoteSwiftPackageReference "Alamofire" */ = {
			isa = XCRemoteSwiftPackageReference;
			repositoryURL = "https://github.com/Alamofire/Alamofire.git";
			requirement = {
				kind = upToNextMajorVersion;
				minimumVersion = 5.8.1;
			};
		};
/* End XCRemoteSwiftPackageReference section */

/* Begin XCSwiftPackageProductDependency section */
		393F38932B59196D008CCC40 /* Alamofire */ = {
			isa = XCSwiftPackageProductDependency;
			package = 393F38922B59196D008CCC40 /* XCRemoteSwiftPackageReference "Alamofire" */;
			productName = Alamofire;
		};
/* End XCSwiftPackageProductDependency section */
	};
	rootObject = 393F38292B591641008CCC40 /* Project object */;
}
