// !$*UTF8*$!
{
	archiveVersion = 1;
	classes = {
	};
	objectVersion = 56;
	objects = {

/* Begin PBXBuildFile section */
		393F38352B591641008CCC40 /* Event_AppApp.swift in Sources */ = {isa = PBXBuildFile; fileRef = 393F38342B591641008CCC40 /* Event_AppApp.swift */; };
		393F38372B591641008CCC40 /* ContentView.swift in Sources */ = {isa = PBXBuildFile; fileRef = 393F38362B591641008CCC40 /* ContentView.swift */; };
		393F38392B591642008CCC40 /* Assets.xcassets in Resources */ = {isa = PBXBuildFile; fileRef = 393F38382B591642008CCC40 /* Assets.xcassets */; };
		393F383C2B591642008CCC40 /* Preview Assets.xcassets in Resources */ = {isa = PBXBuildFile; fileRef = 393F383B2B591642008CCC40 /* Preview Assets.xcassets */; };
		393F38502B591643008CCC40 /* Event_AppUITests.swift in Sources */ = {isa = PBXBuildFile; fileRef = 393F384F2B591643008CCC40 /* Event_AppUITests.swift */; };
		393F38522B591643008CCC40 /* Event_AppUITestsLaunchTests.swift in Sources */ = {isa = PBXBuildFile; fileRef = 393F38512B591643008CCC40 /* Event_AppUITestsLaunchTests.swift */; };
		393F38662B591859008CCC40 /* EventViewModel.swift in Sources */ = {isa = PBXBuildFile; fileRef = 393F38612B591859008CCC40 /* EventViewModel.swift */; };
		393F38672B591859008CCC40 /* AdminViewModel.swift in Sources */ = {isa = PBXBuildFile; fileRef = 393F38622B591859008CCC40 /* AdminViewModel.swift */; };
		393F38682B591859008CCC40 /* UserViewModel.swift in Sources */ = {isa = PBXBuildFile; fileRef = 393F38632B591859008CCC40 /* UserViewModel.swift */; };
		393F38692B591859008CCC40 /* TutorViewModel.swift in Sources */ = {isa = PBXBuildFile; fileRef = 393F38642B591859008CCC40 /* TutorViewModel.swift */; };
		393F386A2B591859008CCC40 /* UnitViewModel.swift in Sources */ = {isa = PBXBuildFile; fileRef = 393F38652B591859008CCC40 /* UnitViewModel.swift */; };
		393F38792B59189B008CCC40 /* SingleUnitModel.swift in Sources */ = {isa = PBXBuildFile; fileRef = 393F386C2B59189B008CCC40 /* SingleUnitModel.swift */; };
		393F387A2B59189B008CCC40 /* UserPopulateEventListModel.swift in Sources */ = {isa = PBXBuildFile; fileRef = 393F386D2B59189B008CCC40 /* UserPopulateEventListModel.swift */; };
		393F387B2B59189B008CCC40 /* UserModel.swift in Sources */ = {isa = PBXBuildFile; fileRef = 393F386E2B59189B008CCC40 /* UserModel.swift */; };
		393F387C2B59189B008CCC40 /* UserPopulateModel.swift in Sources */ = {isa = PBXBuildFile; fileRef = 393F386F2B59189B008CCC40 /* UserPopulateModel.swift */; };
		393F387D2B59189B008CCC40 /* TutorModel.swift in Sources */ = {isa = PBXBuildFile; fileRef = 393F38702B59189B008CCC40 /* TutorModel.swift */; };
		393F387E2B59189B008CCC40 /* AdminModel.swift in Sources */ = {isa = PBXBuildFile; fileRef = 393F38712B59189B008CCC40 /* AdminModel.swift */; };
		393F387F2B59189B008CCC40 /* AdminGetOneModel.swift in Sources */ = {isa = PBXBuildFile; fileRef = 393F38722B59189B008CCC40 /* AdminGetOneModel.swift */; };
		393F38802B59189B008CCC40 /* SingleUserModel.swift in Sources */ = {isa = PBXBuildFile; fileRef = 393F38732B59189B008CCC40 /* SingleUserModel.swift */; };
		393F38812B59189B008CCC40 /* EventModel.swift in Sources */ = {isa = PBXBuildFile; fileRef = 393F38742B59189B008CCC40 /* EventModel.swift */; };
		393F38822B59189B008CCC40 /* UnitModel.swift in Sources */ = {isa = PBXBuildFile; fileRef = 393F38752B59189B008CCC40 /* UnitModel.swift */; };
		393F38832B59189B008CCC40 /* Constant.swift in Sources */ = {isa = PBXBuildFile; fileRef = 393F38762B59189B008CCC40 /* Constant.swift */; };
		393F38842B59189B008CCC40 /* UserPopulateUnitModel.swift in Sources */ = {isa = PBXBuildFile; fileRef = 393F38772B59189B008CCC40 /* UserPopulateUnitModel.swift */; };
		393F38852B59189B008CCC40 /* Encode + Decode Helper.swift in Sources */ = {isa = PBXBuildFile; fileRef = 393F38782B59189B008CCC40 /* Encode + Decode Helper.swift */; };
		393F388D2B591933008CCC40 /* allUser.json in Resources */ = {isa = PBXBuildFile; fileRef = 393F388C2B591933008CCC40 /* allUser.json */; };
		393F38902B591946008CCC40 /* EventModelTest.swift in Sources */ = {isa = PBXBuildFile; fileRef = 393F388E2B591945008CCC40 /* EventModelTest.swift */; };
		393F38912B591946008CCC40 /* UserModelTest.swift in Sources */ = {isa = PBXBuildFile; fileRef = 393F388F2B591946008CCC40 /* UserModelTest.swift */; };
		393F38942B59196D008CCC40 /* Alamofire in Frameworks */ = {isa = PBXBuildFile; productRef = 393F38932B59196D008CCC40 /* Alamofire */; };
		B7AF3F6D2B5E1CA60017E213 /* HomeView.swift in Sources */ = {isa = PBXBuildFile; fileRef = B7AF3F6C2B5E1CA60017E213 /* HomeView.swift */; };
 		B7AF3F6F2B5E1CF00017E213 /* SearchBarItemView.swift in Sources */ = {isa = PBXBuildFile; fileRef = B7AF3F6E2B5E1CF00017E213 /* SearchBarItemView.swift */; };
 		B7AF3F712B5E1D0A0017E213 /* CategoryView.swift in Sources */ = {isa = PBXBuildFile; fileRef = B7AF3F702B5E1D0A0017E213 /* CategoryView.swift */; };
 		B7AF3F732B5E1D160017E213 /* AllCategoryView.swift in Sources */ = {isa = PBXBuildFile; fileRef = B7AF3F722B5E1D160017E213 /* AllCategoryView.swift */; };
 		B7AF3F752B5E1D3A0017E213 /* EventCardView.swift in Sources */ = {isa = PBXBuildFile; fileRef = B7AF3F742B5E1D3A0017E213 /* EventCardView.swift */; };
 		B7AF3F772B5E1D620017E213 /* AllEventsView.swift in Sources */ = {isa = PBXBuildFile; fileRef = B7AF3F762B5E1D620017E213 /* AllEventsView.swift */; };
 		B7AF3F792B5E1D930017E213 /* EventDetailsView.swift in Sources */ = {isa = PBXBuildFile; fileRef = B7AF3F782B5E1D930017E213 /* EventDetailsView.swift */; };
 		B7AF3F7B2B5E1DA70017E213 /* RegisterEventView.swift in Sources */ = {isa = PBXBuildFile; fileRef = B7AF3F7A2B5E1DA70017E213 /* RegisterEventView.swift */; };
 		B7AF3F7D2B5E1DC10017E213 /* RegisteredSuccessView.swift in Sources */ = {isa = PBXBuildFile; fileRef = B7AF3F7C2B5E1DC10017E213 /* RegisteredSuccessView.swift */; };
 		B7AF3F7F2B5E1DD80017E213 /* RegisterUnsuccessfulView.swift in Sources */ = {isa = PBXBuildFile; fileRef = B7AF3F7E2B5E1DD80017E213 /* RegisterUnsuccessfulView.swift */; };
 		BCB4B3192B5E3E2C00697BEC /* BaseTabHomeView.swift in Sources */ = {isa = PBXBuildFile; fileRef = BCB4B3182B5E3E2C00697BEC /* BaseTabHomeView.swift */; };
 		BCB4B31B2B5E3E4400697BEC /* HostEventView.swift in Sources */ = {isa = PBXBuildFile; fileRef = BCB4B31A2B5E3E4400697BEC /* HostEventView.swift */; };
 		BCB4B31D2B5E3E5E00697BEC /* FillEventDetailView.swift in Sources */ = {isa = PBXBuildFile; fileRef = BCB4B31C2B5E3E5E00697BEC /* FillEventDetailView.swift */; };
 		BCB4B31F2B5E3E7400697BEC /* PendingEventView.swift in Sources */ = {isa = PBXBuildFile; fileRef = BCB4B31E2B5E3E7400697BEC /* PendingEventView.swift */; };
 		BCB4B3212B5E3EAB00697BEC /* OnboardingView.swift in Sources */ = {isa = PBXBuildFile; fileRef = BCB4B3202B5E3EAB00697BEC /* OnboardingView.swift */; };
		B37B38352B5A4857002404A1 /* AppDelegate.swift in Sources */ = {isa = PBXBuildFile; fileRef = B37B38342B5A4857002404A1 /* AppDelegate.swift */; };
		B37B38382B5A4892002404A1 /* GoogleSignIn in Frameworks */ = {isa = PBXBuildFile; productRef = B37B38372B5A4892002404A1 /* GoogleSignIn */; };
		B37B383A2B5A4892002404A1 /* GoogleSignInSwift in Frameworks */ = {isa = PBXBuildFile; productRef = B37B38392B5A4892002404A1 /* GoogleSignInSwift */; };
		B37B383D2B5A4A12002404A1 /* FirebaseAuth in Frameworks */ = {isa = PBXBuildFile; productRef = B37B383C2B5A4A12002404A1 /* FirebaseAuth */; };
		B37B383F2B5A4B2A002404A1 /* GoogleService-Info.plist in Resources */ = {isa = PBXBuildFile; fileRef = B37B383E2B5A4B2A002404A1 /* GoogleService-Info.plist */; };
		B37B38402B5A4B2A002404A1 /* GoogleService-Info.plist in Resources */ = {isa = PBXBuildFile; fileRef = B37B383E2B5A4B2A002404A1 /* GoogleService-Info.plist */; };
		B37B38412B5A4B2A002404A1 /* GoogleService-Info.plist in Resources */ = {isa = PBXBuildFile; fileRef = B37B383E2B5A4B2A002404A1 /* GoogleService-Info.plist */; };
		B37B38442B5A4B85002404A1 /* GoogleSignInViewModel.swift in Sources */ = {isa = PBXBuildFile; fileRef = B37B38432B5A4B85002404A1 /* GoogleSignInViewModel.swift */; };
		B37B38452B5A4B85002404A1 /* GoogleSignInViewModel.swift in Sources */ = {isa = PBXBuildFile; fileRef = B37B38432B5A4B85002404A1 /* GoogleSignInViewModel.swift */; };
		B37B38462B5A4B85002404A1 /* GoogleSignInViewModel.swift in Sources */ = {isa = PBXBuildFile; fileRef = B37B38432B5A4B85002404A1 /* GoogleSignInViewModel.swift */; };
		B37B38482B5A4BD2002404A1 /* Application_utility.swift in Sources */ = {isa = PBXBuildFile; fileRef = B37B38472B5A4BD2002404A1 /* Application_utility.swift */; };
		B37B38492B5A4BD2002404A1 /* Application_utility.swift in Sources */ = {isa = PBXBuildFile; fileRef = B37B38472B5A4BD2002404A1 /* Application_utility.swift */; };
		B37B384A2B5A4BD2002404A1 /* Application_utility.swift in Sources */ = {isa = PBXBuildFile; fileRef = B37B38472B5A4BD2002404A1 /* Application_utility.swift */; };
		B37B384C2B5A4F7A002404A1 /* SignInWithGoogleView.swift in Sources */ = {isa = PBXBuildFile; fileRef = B37B384B2B5A4F7A002404A1 /* SignInWithGoogleView.swift */; };
		B37B384D2B5A4F7A002404A1 /* SignInWithGoogleView.swift in Sources */ = {isa = PBXBuildFile; fileRef = B37B384B2B5A4F7A002404A1 /* SignInWithGoogleView.swift */; };
		B37B384E2B5A4F7A002404A1 /* SignInWithGoogleView.swift in Sources */ = {isa = PBXBuildFile; fileRef = B37B384B2B5A4F7A002404A1 /* SignInWithGoogleView.swift */; };
		B37B38502B5A5014002404A1 /* HomeView.swift in Sources */ = {isa = PBXBuildFile; fileRef = B37B384F2B5A5014002404A1 /* HomeView.swift */; };
		B37B38512B5A5014002404A1 /* HomeView.swift in Sources */ = {isa = PBXBuildFile; fileRef = B37B384F2B5A5014002404A1 /* HomeView.swift */; };
		B37B38522B5A5014002404A1 /* HomeView.swift in Sources */ = {isa = PBXBuildFile; fileRef = B37B384F2B5A5014002404A1 /* HomeView.swift */; };
		B37B38542B5A5244002404A1 /* RegistrationView.swift in Sources */ = {isa = PBXBuildFile; fileRef = B37B38532B5A5244002404A1 /* RegistrationView.swift */; };
		B37B38552B5A5244002404A1 /* RegistrationView.swift in Sources */ = {isa = PBXBuildFile; fileRef = B37B38532B5A5244002404A1 /* RegistrationView.swift */; };
		B37B38562B5A5244002404A1 /* RegistrationView.swift in Sources */ = {isa = PBXBuildFile; fileRef = B37B38532B5A5244002404A1 /* RegistrationView.swift */; };
		B37B38582B5A55FA002404A1 /* FirebaseDatabase in Frameworks */ = {isa = PBXBuildFile; productRef = B37B38572B5A55FA002404A1 /* FirebaseDatabase */; };
		B37B385A2B5A55FA002404A1 /* FirebaseFirestore in Frameworks */ = {isa = PBXBuildFile; productRef = B37B38592B5A55FA002404A1 /* FirebaseFirestore */; };
		B37B385C2B5A55FA002404A1 /* FirebaseFirestoreSwift in Frameworks */ = {isa = PBXBuildFile; productRef = B37B385B2B5A55FA002404A1 /* FirebaseFirestoreSwift */; };
		B37B385E2B5A55FA002404A1 /* FirebaseStorage in Frameworks */ = {isa = PBXBuildFile; productRef = B37B385D2B5A55FA002404A1 /* FirebaseStorage */; };
		B3FABA162B5FF42E0032AA3F /* UserPostViewModel.swift in Sources */ = {isa = PBXBuildFile; fileRef = B3FABA152B5FF42E0032AA3F /* UserPostViewModel.swift */; };
/* End PBXBuildFile section */

/* Begin PBXContainerItemProxy section */
		393F38422B591643008CCC40 /* PBXContainerItemProxy */ = {
			isa = PBXContainerItemProxy;
			containerPortal = 393F38292B591641008CCC40 /* Project object */;
			proxyType = 1;
			remoteGlobalIDString = 393F38302B591641008CCC40;
			remoteInfo = "Event App";
		};
		393F384C2B591643008CCC40 /* PBXContainerItemProxy */ = {
			isa = PBXContainerItemProxy;
			containerPortal = 393F38292B591641008CCC40 /* Project object */;
			proxyType = 1;
			remoteGlobalIDString = 393F38302B591641008CCC40;
			remoteInfo = "Event App";
		};
/* End PBXContainerItemProxy section */

/* Begin PBXFileReference section */
		393F38312B591641008CCC40 /* Event App.app */ = {isa = PBXFileReference; explicitFileType = wrapper.application; includeInIndex = 0; path = "Event App.app"; sourceTree = BUILT_PRODUCTS_DIR; };
		393F38342B591641008CCC40 /* Event_AppApp.swift */ = {isa = PBXFileReference; lastKnownFileType = sourcecode.swift; path = Event_AppApp.swift; sourceTree = "<group>"; };
		393F38362B591641008CCC40 /* ContentView.swift */ = {isa = PBXFileReference; lastKnownFileType = sourcecode.swift; path = ContentView.swift; sourceTree = "<group>"; };
		393F38382B591642008CCC40 /* Assets.xcassets */ = {isa = PBXFileReference; lastKnownFileType = folder.assetcatalog; path = Assets.xcassets; sourceTree = "<group>"; };
		393F383B2B591642008CCC40 /* Preview Assets.xcassets */ = {isa = PBXFileReference; lastKnownFileType = folder.assetcatalog; path = "Preview Assets.xcassets"; sourceTree = "<group>"; };
		393F38412B591643008CCC40 /* Event AppTests.xctest */ = {isa = PBXFileReference; explicitFileType = wrapper.cfbundle; includeInIndex = 0; path = "Event AppTests.xctest"; sourceTree = BUILT_PRODUCTS_DIR; };
		393F384B2B591643008CCC40 /* Event AppUITests.xctest */ = {isa = PBXFileReference; explicitFileType = wrapper.cfbundle; includeInIndex = 0; path = "Event AppUITests.xctest"; sourceTree = BUILT_PRODUCTS_DIR; };
		393F384F2B591643008CCC40 /* Event_AppUITests.swift */ = {isa = PBXFileReference; lastKnownFileType = sourcecode.swift; path = Event_AppUITests.swift; sourceTree = "<group>"; };
		393F38512B591643008CCC40 /* Event_AppUITestsLaunchTests.swift */ = {isa = PBXFileReference; lastKnownFileType = sourcecode.swift; path = Event_AppUITestsLaunchTests.swift; sourceTree = "<group>"; };
		393F38612B591859008CCC40 /* EventViewModel.swift */ = {isa = PBXFileReference; fileEncoding = 4; lastKnownFileType = sourcecode.swift; path = EventViewModel.swift; sourceTree = "<group>"; };
		393F38622B591859008CCC40 /* AdminViewModel.swift */ = {isa = PBXFileReference; fileEncoding = 4; lastKnownFileType = sourcecode.swift; path = AdminViewModel.swift; sourceTree = "<group>"; };
		393F38632B591859008CCC40 /* UserViewModel.swift */ = {isa = PBXFileReference; fileEncoding = 4; lastKnownFileType = sourcecode.swift; path = UserViewModel.swift; sourceTree = "<group>"; };
		393F38642B591859008CCC40 /* TutorViewModel.swift */ = {isa = PBXFileReference; fileEncoding = 4; lastKnownFileType = sourcecode.swift; path = TutorViewModel.swift; sourceTree = "<group>"; };
		393F38652B591859008CCC40 /* UnitViewModel.swift */ = {isa = PBXFileReference; fileEncoding = 4; lastKnownFileType = sourcecode.swift; path = UnitViewModel.swift; sourceTree = "<group>"; };
		393F386C2B59189B008CCC40 /* SingleUnitModel.swift */ = {isa = PBXFileReference; fileEncoding = 4; lastKnownFileType = sourcecode.swift; path = SingleUnitModel.swift; sourceTree = "<group>"; };
		393F386D2B59189B008CCC40 /* UserPopulateEventListModel.swift */ = {isa = PBXFileReference; fileEncoding = 4; lastKnownFileType = sourcecode.swift; path = UserPopulateEventListModel.swift; sourceTree = "<group>"; };
		393F386E2B59189B008CCC40 /* UserModel.swift */ = {isa = PBXFileReference; fileEncoding = 4; lastKnownFileType = sourcecode.swift; path = UserModel.swift; sourceTree = "<group>"; };
		393F386F2B59189B008CCC40 /* UserPopulateModel.swift */ = {isa = PBXFileReference; fileEncoding = 4; lastKnownFileType = sourcecode.swift; path = UserPopulateModel.swift; sourceTree = "<group>"; };
		393F38702B59189B008CCC40 /* TutorModel.swift */ = {isa = PBXFileReference; fileEncoding = 4; lastKnownFileType = sourcecode.swift; path = TutorModel.swift; sourceTree = "<group>"; };
		393F38712B59189B008CCC40 /* AdminModel.swift */ = {isa = PBXFileReference; fileEncoding = 4; lastKnownFileType = sourcecode.swift; path = AdminModel.swift; sourceTree = "<group>"; };
		393F38722B59189B008CCC40 /* AdminGetOneModel.swift */ = {isa = PBXFileReference; fileEncoding = 4; lastKnownFileType = sourcecode.swift; path = AdminGetOneModel.swift; sourceTree = "<group>"; };
		393F38732B59189B008CCC40 /* SingleUserModel.swift */ = {isa = PBXFileReference; fileEncoding = 4; lastKnownFileType = sourcecode.swift; path = SingleUserModel.swift; sourceTree = "<group>"; };
		393F38742B59189B008CCC40 /* EventModel.swift */ = {isa = PBXFileReference; fileEncoding = 4; lastKnownFileType = sourcecode.swift; path = EventModel.swift; sourceTree = "<group>"; };
		393F38752B59189B008CCC40 /* UnitModel.swift */ = {isa = PBXFileReference; fileEncoding = 4; lastKnownFileType = sourcecode.swift; path = UnitModel.swift; sourceTree = "<group>"; };
		393F38762B59189B008CCC40 /* Constant.swift */ = {isa = PBXFileReference; fileEncoding = 4; lastKnownFileType = sourcecode.swift; path = Constant.swift; sourceTree = "<group>"; };
		393F38772B59189B008CCC40 /* UserPopulateUnitModel.swift */ = {isa = PBXFileReference; fileEncoding = 4; lastKnownFileType = sourcecode.swift; path = UserPopulateUnitModel.swift; sourceTree = "<group>"; };
		393F38782B59189B008CCC40 /* Encode + Decode Helper.swift */ = {isa = PBXFileReference; fileEncoding = 4; lastKnownFileType = sourcecode.swift; path = "Encode + Decode Helper.swift"; sourceTree = "<group>"; };
		393F388C2B591933008CCC40 /* allUser.json */ = {isa = PBXFileReference; fileEncoding = 4; lastKnownFileType = text.json; path = allUser.json; sourceTree = "<group>"; };
		393F388E2B591945008CCC40 /* EventModelTest.swift */ = {isa = PBXFileReference; fileEncoding = 4; lastKnownFileType = sourcecode.swift; path = EventModelTest.swift; sourceTree = "<group>"; };
		393F388F2B591946008CCC40 /* UserModelTest.swift */ = {isa = PBXFileReference; fileEncoding = 4; lastKnownFileType = sourcecode.swift; path = UserModelTest.swift; sourceTree = "<group>"; };
		B7AF3F6C2B5E1CA60017E213 /* HomeView.swift */ = {isa = PBXFileReference; lastKnownFileType = sourcecode.swift; path = HomeView.swift; sourceTree = "<group>"; };
 		B7AF3F6E2B5E1CF00017E213 /* SearchBarItemView.swift */ = {isa = PBXFileReference; lastKnownFileType = sourcecode.swift; path = SearchBarItemView.swift; sourceTree = "<group>"; };
 		B7AF3F702B5E1D0A0017E213 /* CategoryView.swift */ = {isa = PBXFileReference; lastKnownFileType = sourcecode.swift; path = CategoryView.swift; sourceTree = "<group>"; };
 		B7AF3F722B5E1D160017E213 /* AllCategoryView.swift */ = {isa = PBXFileReference; lastKnownFileType = sourcecode.swift; path = AllCategoryView.swift; sourceTree = "<group>"; };
 		B7AF3F742B5E1D3A0017E213 /* EventCardView.swift */ = {isa = PBXFileReference; lastKnownFileType = sourcecode.swift; path = EventCardView.swift; sourceTree = "<group>"; };
 		B7AF3F762B5E1D620017E213 /* AllEventsView.swift */ = {isa = PBXFileReference; lastKnownFileType = sourcecode.swift; path = AllEventsView.swift; sourceTree = "<group>"; };
 		B7AF3F782B5E1D930017E213 /* EventDetailsView.swift */ = {isa = PBXFileReference; lastKnownFileType = sourcecode.swift; path = EventDetailsView.swift; sourceTree = "<group>"; };
 		B7AF3F7A2B5E1DA70017E213 /* RegisterEventView.swift */ = {isa = PBXFileReference; lastKnownFileType = sourcecode.swift; path = RegisterEventView.swift; sourceTree = "<group>"; };
 		B7AF3F7C2B5E1DC10017E213 /* RegisteredSuccessView.swift */ = {isa = PBXFileReference; lastKnownFileType = sourcecode.swift; path = RegisteredSuccessView.swift; sourceTree = "<group>"; };
 		B7AF3F7E2B5E1DD80017E213 /* RegisterUnsuccessfulView.swift */ = {isa = PBXFileReference; lastKnownFileType = sourcecode.swift; path = RegisterUnsuccessfulView.swift; sourceTree = "<group>"; };
 		BCB4B3182B5E3E2C00697BEC /* BaseTabHomeView.swift */ = {isa = PBXFileReference; lastKnownFileType = sourcecode.swift; path = BaseTabHomeView.swift; sourceTree = "<group>"; };
 		BCB4B31A2B5E3E4400697BEC /* HostEventView.swift */ = {isa = PBXFileReference; lastKnownFileType = sourcecode.swift; path = HostEventView.swift; sourceTree = "<group>"; };
 		BCB4B31C2B5E3E5E00697BEC /* FillEventDetailView.swift */ = {isa = PBXFileReference; lastKnownFileType = sourcecode.swift; path = FillEventDetailView.swift; sourceTree = "<group>"; };
 		BCB4B31E2B5E3E7400697BEC /* PendingEventView.swift */ = {isa = PBXFileReference; lastKnownFileType = sourcecode.swift; path = PendingEventView.swift; sourceTree = "<group>"; };
 		BCB4B3202B5E3EAB00697BEC /* OnboardingView.swift */ = {isa = PBXFileReference; lastKnownFileType = sourcecode.swift; path = OnboardingView.swift; sourceTree = "<group>"; };
		B37B38342B5A4857002404A1 /* AppDelegate.swift */ = {isa = PBXFileReference; lastKnownFileType = sourcecode.swift; path = AppDelegate.swift; sourceTree = "<group>"; };
		B37B383E2B5A4B2A002404A1 /* GoogleService-Info.plist */ = {isa = PBXFileReference; fileEncoding = 4; lastKnownFileType = text.plist.xml; path = "GoogleService-Info.plist"; sourceTree = "<group>"; };
		B37B38422B5A4B48002404A1 /* Event-App-Info.plist */ = {isa = PBXFileReference; lastKnownFileType = text.plist; path = "Event-App-Info.plist"; sourceTree = SOURCE_ROOT; };
		B37B38432B5A4B85002404A1 /* GoogleSignInViewModel.swift */ = {isa = PBXFileReference; lastKnownFileType = sourcecode.swift; path = GoogleSignInViewModel.swift; sourceTree = "<group>"; };
		B37B38472B5A4BD2002404A1 /* Application_utility.swift */ = {isa = PBXFileReference; lastKnownFileType = sourcecode.swift; path = Application_utility.swift; sourceTree = "<group>"; };
		B37B384B2B5A4F7A002404A1 /* SignInWithGoogleView.swift */ = {isa = PBXFileReference; lastKnownFileType = sourcecode.swift; path = SignInWithGoogleView.swift; sourceTree = "<group>"; };
		B37B384F2B5A5014002404A1 /* HomeView.swift */ = {isa = PBXFileReference; lastKnownFileType = sourcecode.swift; path = HomeView.swift; sourceTree = "<group>"; };
		B37B38532B5A5244002404A1 /* RegistrationView.swift */ = {isa = PBXFileReference; lastKnownFileType = sourcecode.swift; path = RegistrationView.swift; sourceTree = "<group>"; };
		B3FABA152B5FF42E0032AA3F /* UserPostViewModel.swift */ = {isa = PBXFileReference; lastKnownFileType = sourcecode.swift; path = UserPostViewModel.swift; sourceTree = "<group>"; };
/* End PBXFileReference section */

/* Begin PBXFrameworksBuildPhase section */
		393F382E2B591641008CCC40 /* Frameworks */ = {
			isa = PBXFrameworksBuildPhase;
			buildActionMask = 2147483647;
			files = (
				B37B38582B5A55FA002404A1 /* FirebaseDatabase in Frameworks */,
				B37B383A2B5A4892002404A1 /* GoogleSignInSwift in Frameworks */,
				393F38942B59196D008CCC40 /* Alamofire in Frameworks */,
				B37B385C2B5A55FA002404A1 /* FirebaseFirestoreSwift in Frameworks */,
				B37B38382B5A4892002404A1 /* GoogleSignIn in Frameworks */,
				B37B385E2B5A55FA002404A1 /* FirebaseStorage in Frameworks */,
				B37B383D2B5A4A12002404A1 /* FirebaseAuth in Frameworks */,
				B37B385A2B5A55FA002404A1 /* FirebaseFirestore in Frameworks */,
			);
			runOnlyForDeploymentPostprocessing = 0;
		};
		393F383E2B591643008CCC40 /* Frameworks */ = {
			isa = PBXFrameworksBuildPhase;
			buildActionMask = 2147483647;
			files = (
			);
			runOnlyForDeploymentPostprocessing = 0;
		};
		393F38482B591643008CCC40 /* Frameworks */ = {
			isa = PBXFrameworksBuildPhase;
			buildActionMask = 2147483647;
			files = (
			);
			runOnlyForDeploymentPostprocessing = 0;
		};
/* End PBXFrameworksBuildPhase section */

/* Begin PBXGroup section */
		393F38282B591641008CCC40 = {
			isa = PBXGroup;
			children = (
				393F38332B591641008CCC40 /* Event App */,
				393F38442B591643008CCC40 /* Event AppTests */,
				393F388E2B591945008CCC40 /* EventModelTest.swift */,
				393F388F2B591946008CCC40 /* UserModelTest.swift */,
				393F384E2B591643008CCC40 /* Event AppUITests */,
				393F38322B591641008CCC40 /* Products */,
				B37B38362B5A4892002404A1 /* Frameworks */,
			);
			sourceTree = "<group>";
		};
		393F38322B591641008CCC40 /* Products */ = {
			isa = PBXGroup;
			children = (
				393F38312B591641008CCC40 /* Event App.app */,
				393F38412B591643008CCC40 /* Event AppTests.xctest */,
				393F384B2B591643008CCC40 /* Event AppUITests.xctest */,
			);
			name = Products;
			sourceTree = "<group>";
		};
		393F38332B591641008CCC40 /* Event App */ = {
			isa = PBXGroup;
			children = (
				B7AF3F6B2B5E1C910017E213 /* View */,
				B37B38422B5A4B48002404A1 /* Event-App-Info.plist */,
				B37B383E2B5A4B2A002404A1 /* GoogleService-Info.plist */,
				393F386B2B591865008CCC40 /* Model */,
				393F38602B591838008CCC40 /* View Model */,
				393F38342B591641008CCC40 /* Event_AppApp.swift */,
				393F38362B591641008CCC40 /* ContentView.swift */,
				393F38382B591642008CCC40 /* Assets.xcassets */,
				393F383A2B591642008CCC40 /* Preview Content */,
			);
			path = "Event App";
			sourceTree = "<group>";
		};
		393F383A2B591642008CCC40 /* Preview Content */ = {
			isa = PBXGroup;
			children = (
				393F383B2B591642008CCC40 /* Preview Assets.xcassets */,
			);
			path = "Preview Content";
			sourceTree = "<group>";
		};
		393F38442B591643008CCC40 /* Event AppTests */ = {
			isa = PBXGroup;
			children = (
				393F388B2B591928008CCC40 /* Json */,
			);
			path = "Event AppTests";
			sourceTree = "<group>";
		};
		393F384E2B591643008CCC40 /* Event AppUITests */ = {
			isa = PBXGroup;
			children = (
				393F384F2B591643008CCC40 /* Event_AppUITests.swift */,
				393F38512B591643008CCC40 /* Event_AppUITestsLaunchTests.swift */,
			);
			path = "Event AppUITests";
			sourceTree = "<group>";
		};
		393F38602B591838008CCC40 /* View Model */ = {
			isa = PBXGroup;
			children = (
				393F38622B591859008CCC40 /* AdminViewModel.swift */,
				393F38612B591859008CCC40 /* EventViewModel.swift */,
				393F38642B591859008CCC40 /* TutorViewModel.swift */,
				393F38652B591859008CCC40 /* UnitViewModel.swift */,
				393F38632B591859008CCC40 /* UserViewModel.swift */,
				B37B38432B5A4B85002404A1 /* GoogleSignInViewModel.swift */,
				B3FABA152B5FF42E0032AA3F /* UserPostViewModel.swift */,
			);
			path = "View Model";
			sourceTree = "<group>";
		};
		393F386B2B591865008CCC40 /* Model */ = {
			isa = PBXGroup;
			children = (
				B37B38332B5A483D002404A1 /* Helper */,
				393F388A2B5918BD008CCC40 /* User */,
				393F38892B5918B7008CCC40 /* Admin */,
				393F38882B5918AE008CCC40 /* Constant */,
				393F38872B5918A8008CCC40 /* Unit */,
				393F38862B5918A1008CCC40 /* Event */,
				393F38782B59189B008CCC40 /* Encode + Decode Helper.swift */,
			);
			path = Model;
			sourceTree = "<group>";
		};
		393F38862B5918A1008CCC40 /* Event */ = {
			isa = PBXGroup;
			children = (
				393F38742B59189B008CCC40 /* EventModel.swift */,
			);
			path = Event;
			sourceTree = "<group>";
		};
		393F38872B5918A8008CCC40 /* Unit */ = {
			isa = PBXGroup;
			children = (
				393F38752B59189B008CCC40 /* UnitModel.swift */,
				393F386C2B59189B008CCC40 /* SingleUnitModel.swift */,
			);
			path = Unit;
			sourceTree = "<group>";
		};
		393F38882B5918AE008CCC40 /* Constant */ = {
			isa = PBXGroup;
			children = (
				393F38762B59189B008CCC40 /* Constant.swift */,
			);
			path = Constant;
			sourceTree = "<group>";
		};
		393F38892B5918B7008CCC40 /* Admin */ = {
			isa = PBXGroup;
			children = (
				393F38722B59189B008CCC40 /* AdminGetOneModel.swift */,
				393F38712B59189B008CCC40 /* AdminModel.swift */,
			);
			path = Admin;
			sourceTree = "<group>";
		};
		393F388A2B5918BD008CCC40 /* User */ = {
			isa = PBXGroup;
			children = (
				393F38732B59189B008CCC40 /* SingleUserModel.swift */,
				393F38702B59189B008CCC40 /* TutorModel.swift */,
				393F386E2B59189B008CCC40 /* UserModel.swift */,
				393F386D2B59189B008CCC40 /* UserPopulateEventListModel.swift */,
				393F386F2B59189B008CCC40 /* UserPopulateModel.swift */,
				393F38772B59189B008CCC40 /* UserPopulateUnitModel.swift */,
			);
			path = User;
			sourceTree = "<group>";
		};
		393F388B2B591928008CCC40 /* Json */ = {
			isa = PBXGroup;
			children = (
				393F388C2B591933008CCC40 /* allUser.json */,
				3957837B2B5F6ABA006D7389 /* singleUser.json */,
			);
			path = Json;
			sourceTree = "<group>";
		};
		B7AF3F6B2B5E1C910017E213 /* View */ = {
			isa = PBXGroup;
			children = (
				B7AF3F6C2B5E1CA60017E213 /* HomeView.swift */,
				B7AF3F6E2B5E1CF00017E213 /* SearchBarItemView.swift */,
				B7AF3F702B5E1D0A0017E213 /* CategoryView.swift */,
				B7AF3F722B5E1D160017E213 /* AllCategoryView.swift */,
				B7AF3F742B5E1D3A0017E213 /* EventCardView.swift */,
				B7AF3F762B5E1D620017E213 /* AllEventsView.swift */,
				B7AF3F782B5E1D930017E213 /* EventDetailsView.swift */,
				B7AF3F7A2B5E1DA70017E213 /* RegisterEventView.swift */,
				B7AF3F7C2B5E1DC10017E213 /* RegisteredSuccessView.swift */,
				B7AF3F7E2B5E1DD80017E213 /* RegisterUnsuccessfulView.swift */,
				BCB4B3182B5E3E2C00697BEC /* BaseTabHomeView.swift */,
				BCB4B31A2B5E3E4400697BEC /* HostEventView.swift */,
				BCB4B31C2B5E3E5E00697BEC /* FillEventDetailView.swift */,
				BCB4B31E2B5E3E7400697BEC /* PendingEventView.swift */,
				BCB4B3202B5E3EAB00697BEC /* OnboardingView.swift */,
			);
			path = View;
		B37B38332B5A483D002404A1 /* Helper */ = {
			isa = PBXGroup;
			children = (
				B37B38342B5A4857002404A1 /* AppDelegate.swift */,
				B37B38472B5A4BD2002404A1 /* Application_utility.swift */,
				B37B384B2B5A4F7A002404A1 /* SignInWithGoogleView.swift */,
				B37B384F2B5A5014002404A1 /* HomeView.swift */,
				B37B38532B5A5244002404A1 /* RegistrationView.swift */,
			);
			path = Helper;
			sourceTree = "<group>";
		};
		B37B38362B5A4892002404A1 /* Frameworks */ = {
			isa = PBXGroup;
			children = (
			);
			name = Frameworks;
			sourceTree = "<group>";
		};
/* End PBXGroup section */

/* Begin PBXNativeTarget section */
		393F38302B591641008CCC40 /* Event App */ = {
			isa = PBXNativeTarget;
			buildConfigurationList = 393F38552B591643008CCC40 /* Build configuration list for PBXNativeTarget "Event App" */;
			buildPhases = (
				393F382D2B591641008CCC40 /* Sources */,
				393F382E2B591641008CCC40 /* Frameworks */,
				393F382F2B591641008CCC40 /* Resources */,
			);
			buildRules = (
			);
			dependencies = (
			);
			name = "Event App";
			packageProductDependencies = (
				393F38932B59196D008CCC40 /* Alamofire */,
				B37B38372B5A4892002404A1 /* GoogleSignIn */,
				B37B38392B5A4892002404A1 /* GoogleSignInSwift */,
				B37B383C2B5A4A12002404A1 /* FirebaseAuth */,
				B37B38572B5A55FA002404A1 /* FirebaseDatabase */,
				B37B38592B5A55FA002404A1 /* FirebaseFirestore */,
				B37B385B2B5A55FA002404A1 /* FirebaseFirestoreSwift */,
				B37B385D2B5A55FA002404A1 /* FirebaseStorage */,
			);
			productName = "Event App";
			productReference = 393F38312B591641008CCC40 /* Event App.app */;
			productType = "com.apple.product-type.application";
		};
		393F38402B591643008CCC40 /* Event AppTests */ = {
			isa = PBXNativeTarget;
			buildConfigurationList = 393F38582B591643008CCC40 /* Build configuration list for PBXNativeTarget "Event AppTests" */;
			buildPhases = (
				393F383D2B591643008CCC40 /* Sources */,
				393F383E2B591643008CCC40 /* Frameworks */,
				393F383F2B591643008CCC40 /* Resources */,
			);
			buildRules = (
			);
			dependencies = (
				393F38432B591643008CCC40 /* PBXTargetDependency */,
			);
			name = "Event AppTests";
			productName = "Event AppTests";
			productReference = 393F38412B591643008CCC40 /* Event AppTests.xctest */;
			productType = "com.apple.product-type.bundle.unit-test";
		};
		393F384A2B591643008CCC40 /* Event AppUITests */ = {
			isa = PBXNativeTarget;
			buildConfigurationList = 393F385B2B591643008CCC40 /* Build configuration list for PBXNativeTarget "Event AppUITests" */;
			buildPhases = (
				393F38472B591643008CCC40 /* Sources */,
				393F38482B591643008CCC40 /* Frameworks */,
				393F38492B591643008CCC40 /* Resources */,
			);
			buildRules = (
			);
			dependencies = (
				393F384D2B591643008CCC40 /* PBXTargetDependency */,
			);
			name = "Event AppUITests";
			productName = "Event AppUITests";
			productReference = 393F384B2B591643008CCC40 /* Event AppUITests.xctest */;
			productType = "com.apple.product-type.bundle.ui-testing";
		};
/* End PBXNativeTarget section */

/* Begin PBXProject section */
		393F38292B591641008CCC40 /* Project object */ = {
			isa = PBXProject;
			attributes = {
				BuildIndependentTargetsInParallel = 1;
				LastSwiftUpdateCheck = 1500;
				LastUpgradeCheck = 1500;
				TargetAttributes = {
					393F38302B591641008CCC40 = {
						CreatedOnToolsVersion = 15.0.1;
					};
					393F38402B591643008CCC40 = {
						CreatedOnToolsVersion = 15.0.1;
						TestTargetID = 393F38302B591641008CCC40;
					};
					393F384A2B591643008CCC40 = {
						CreatedOnToolsVersion = 15.0.1;
						TestTargetID = 393F38302B591641008CCC40;
					};
				};
			};
			buildConfigurationList = 393F382C2B591641008CCC40 /* Build configuration list for PBXProject "Event App" */;
			compatibilityVersion = "Xcode 14.0";
			developmentRegion = en;
			hasScannedForEncodings = 0;
			knownRegions = (
				en,
				Base,
			);
			mainGroup = 393F38282B591641008CCC40;
			packageReferences = (
				393F38922B59196D008CCC40 /* XCRemoteSwiftPackageReference "Alamofire" */,
				B3FD0D5A2B5A4772004D2B12 /* XCRemoteSwiftPackageReference "GoogleSignIn-iOS" */,
				B37B383B2B5A49C7002404A1 /* XCRemoteSwiftPackageReference "firebase-ios-sdk" */,
			);
			productRefGroup = 393F38322B591641008CCC40 /* Products */;
			projectDirPath = "";
			projectRoot = "";
			targets = (
				393F38302B591641008CCC40 /* Event App */,
				393F38402B591643008CCC40 /* Event AppTests */,
				393F384A2B591643008CCC40 /* Event AppUITests */,
			);
		};
/* End PBXProject section */

/* Begin PBXResourcesBuildPhase section */
		393F382F2B591641008CCC40 /* Resources */ = {
			isa = PBXResourcesBuildPhase;
			buildActionMask = 2147483647;
			files = (
				393F383C2B591642008CCC40 /* Preview Assets.xcassets in Resources */,
				393F38392B591642008CCC40 /* Assets.xcassets in Resources */,
				B37B383F2B5A4B2A002404A1 /* GoogleService-Info.plist in Resources */,
			);
			runOnlyForDeploymentPostprocessing = 0;
		};
		393F383F2B591643008CCC40 /* Resources */ = {
			isa = PBXResourcesBuildPhase;
			buildActionMask = 2147483647;
			files = (
				3957837C2B5F6ABA006D7389 /* singleUser.json in Resources */,
				B37B38402B5A4B2A002404A1 /* GoogleService-Info.plist in Resources */,
				393F388D2B591933008CCC40 /* allUser.json in Resources */,
			);
			runOnlyForDeploymentPostprocessing = 0;
		};
		393F38492B591643008CCC40 /* Resources */ = {
			isa = PBXResourcesBuildPhase;
			buildActionMask = 2147483647;
			files = (
				B37B38412B5A4B2A002404A1 /* GoogleService-Info.plist in Resources */,
			);
			runOnlyForDeploymentPostprocessing = 0;
		};
/* End PBXResourcesBuildPhase section */

/* Begin PBXSourcesBuildPhase section */
		393F382D2B591641008CCC40 /* Sources */ = {
			isa = PBXSourcesBuildPhase;
			buildActionMask = 2147483647;
			files = (
				393F38852B59189B008CCC40 /* Encode + Decode Helper.swift in Sources */,
				B37B384C2B5A4F7A002404A1 /* SignInWithGoogleView.swift in Sources */,
				393F38672B591859008CCC40 /* AdminViewModel.swift in Sources */,
				B3FABA162B5FF42E0032AA3F /* UserPostViewModel.swift in Sources */,
				B37B38542B5A5244002404A1 /* RegistrationView.swift in Sources */,
				B37B38502B5A5014002404A1 /* HomeView.swift in Sources */,
				393F38372B591641008CCC40 /* ContentView.swift in Sources */,
				393F387C2B59189B008CCC40 /* UserPopulateModel.swift in Sources */,
				B7AF3F792B5E1D930017E213 /* EventDetailsView.swift in Sources */,
				BCB4B31F2B5E3E7400697BEC /* PendingEventView.swift in Sources */,
				B37B38482B5A4BD2002404A1 /* Application_utility.swift in Sources */,
				393F38662B591859008CCC40 /* EventViewModel.swift in Sources */,
				393F387A2B59189B008CCC40 /* UserPopulateEventListModel.swift in Sources */,
				BCB4B31D2B5E3E5E00697BEC /* FillEventDetailView.swift in Sources */,
				393F38802B59189B008CCC40 /* SingleUserModel.swift in Sources */,
				393F38822B59189B008CCC40 /* UnitModel.swift in Sources */,
				BCB4B31B2B5E3E4400697BEC /* HostEventView.swift in Sources */,
				393F38792B59189B008CCC40 /* SingleUnitModel.swift in Sources */,
				BCB4B3212B5E3EAB00697BEC /* OnboardingView.swift in Sources */,
				393F387D2B59189B008CCC40 /* TutorModel.swift in Sources */,
				393F387E2B59189B008CCC40 /* AdminModel.swift in Sources */,
				B7AF3F7B2B5E1DA70017E213 /* RegisterEventView.swift in Sources */,
				393F38692B591859008CCC40 /* TutorViewModel.swift in Sources */,
				BCB4B3192B5E3E2C00697BEC /* BaseTabHomeView.swift in Sources */,
				393F38832B59189B008CCC40 /* Constant.swift in Sources */,
				B7AF3F6F2B5E1CF00017E213 /* SearchBarItemView.swift in Sources */,
				B7AF3F752B5E1D3A0017E213 /* EventCardView.swift in Sources */,
				B7AF3F7D2B5E1DC10017E213 /* RegisteredSuccessView.swift in Sources */,
				B7AF3F7F2B5E1DD80017E213 /* RegisterUnsuccessfulView.swift in Sources */,
				393F387F2B59189B008CCC40 /* AdminGetOneModel.swift in Sources */,
				393F386A2B591859008CCC40 /* UnitViewModel.swift in Sources */,
				B7AF3F6D2B5E1CA60017E213 /* HomeView.swift in Sources */,
				393F38682B591859008CCC40 /* UserViewModel.swift in Sources */,
				B7AF3F772B5E1D620017E213 /* AllEventsView.swift in Sources */,
				B7AF3F732B5E1D160017E213 /* AllCategoryView.swift in Sources */,
				B7AF3F712B5E1D0A0017E213 /* CategoryView.swift in Sources */,
				393F387B2B59189B008CCC40 /* UserModel.swift in Sources */,
				B37B38442B5A4B85002404A1 /* GoogleSignInViewModel.swift in Sources */,
				393F38842B59189B008CCC40 /* UserPopulateUnitModel.swift in Sources */,
				B37B38352B5A4857002404A1 /* AppDelegate.swift in Sources */,
				393F38812B59189B008CCC40 /* EventModel.swift in Sources */,
				393F38352B591641008CCC40 /* Event_AppApp.swift in Sources */,
			);
			runOnlyForDeploymentPostprocessing = 0;
		};
		393F383D2B591643008CCC40 /* Sources */ = {
			isa = PBXSourcesBuildPhase;
			buildActionMask = 2147483647;
			files = (
				B37B384D2B5A4F7A002404A1 /* SignInWithGoogleView.swift in Sources */,
				393F38902B591946008CCC40 /* EventModelTest.swift in Sources */,
				B37B38452B5A4B85002404A1 /* GoogleSignInViewModel.swift in Sources */,
				B37B38552B5A5244002404A1 /* RegistrationView.swift in Sources */,
				B37B38512B5A5014002404A1 /* HomeView.swift in Sources */,
				393F38912B591946008CCC40 /* UserModelTest.swift in Sources */,
				B37B38492B5A4BD2002404A1 /* Application_utility.swift in Sources */,
			);
			runOnlyForDeploymentPostprocessing = 0;
		};
		393F38472B591643008CCC40 /* Sources */ = {
			isa = PBXSourcesBuildPhase;
			buildActionMask = 2147483647;
			files = (
				B37B384E2B5A4F7A002404A1 /* SignInWithGoogleView.swift in Sources */,
				393F38502B591643008CCC40 /* Event_AppUITests.swift in Sources */,
				B37B38462B5A4B85002404A1 /* GoogleSignInViewModel.swift in Sources */,
				B37B38562B5A5244002404A1 /* RegistrationView.swift in Sources */,
				B37B38522B5A5014002404A1 /* HomeView.swift in Sources */,
				393F38522B591643008CCC40 /* Event_AppUITestsLaunchTests.swift in Sources */,
				B37B384A2B5A4BD2002404A1 /* Application_utility.swift in Sources */,
			);
			runOnlyForDeploymentPostprocessing = 0;
		};
/* End PBXSourcesBuildPhase section */

/* Begin PBXTargetDependency section */
		393F38432B591643008CCC40 /* PBXTargetDependency */ = {
			isa = PBXTargetDependency;
			target = 393F38302B591641008CCC40 /* Event App */;
			targetProxy = 393F38422B591643008CCC40 /* PBXContainerItemProxy */;
		};
		393F384D2B591643008CCC40 /* PBXTargetDependency */ = {
			isa = PBXTargetDependency;
			target = 393F38302B591641008CCC40 /* Event App */;
			targetProxy = 393F384C2B591643008CCC40 /* PBXContainerItemProxy */;
		};
/* End PBXTargetDependency section */

/* Begin XCBuildConfiguration section */
		393F38532B591643008CCC40 /* Debug */ = {
			isa = XCBuildConfiguration;
			buildSettings = {
				ALWAYS_SEARCH_USER_PATHS = NO;
				ASSETCATALOG_COMPILER_GENERATE_SWIFT_ASSET_SYMBOL_EXTENSIONS = YES;
				CLANG_ANALYZER_NONNULL = YES;
				CLANG_ANALYZER_NUMBER_OBJECT_CONVERSION = YES_AGGRESSIVE;
				CLANG_CXX_LANGUAGE_STANDARD = "gnu++20";
				CLANG_ENABLE_MODULES = YES;
				CLANG_ENABLE_OBJC_ARC = YES;
				CLANG_ENABLE_OBJC_WEAK = YES;
				CLANG_WARN_BLOCK_CAPTURE_AUTORELEASING = YES;
				CLANG_WARN_BOOL_CONVERSION = YES;
				CLANG_WARN_COMMA = YES;
				CLANG_WARN_CONSTANT_CONVERSION = YES;
				CLANG_WARN_DEPRECATED_OBJC_IMPLEMENTATIONS = YES;
				CLANG_WARN_DIRECT_OBJC_ISA_USAGE = YES_ERROR;
				CLANG_WARN_DOCUMENTATION_COMMENTS = YES;
				CLANG_WARN_EMPTY_BODY = YES;
				CLANG_WARN_ENUM_CONVERSION = YES;
				CLANG_WARN_INFINITE_RECURSION = YES;
				CLANG_WARN_INT_CONVERSION = YES;
				CLANG_WARN_NON_LITERAL_NULL_CONVERSION = YES;
				CLANG_WARN_OBJC_IMPLICIT_RETAIN_SELF = YES;
				CLANG_WARN_OBJC_LITERAL_CONVERSION = YES;
				CLANG_WARN_OBJC_ROOT_CLASS = YES_ERROR;
				CLANG_WARN_QUOTED_INCLUDE_IN_FRAMEWORK_HEADER = YES;
				CLANG_WARN_RANGE_LOOP_ANALYSIS = YES;
				CLANG_WARN_STRICT_PROTOTYPES = YES;
				CLANG_WARN_SUSPICIOUS_MOVE = YES;
				CLANG_WARN_UNGUARDED_AVAILABILITY = YES_AGGRESSIVE;
				CLANG_WARN_UNREACHABLE_CODE = YES;
				CLANG_WARN__DUPLICATE_METHOD_MATCH = YES;
				COPY_PHASE_STRIP = NO;
				DEBUG_INFORMATION_FORMAT = dwarf;
				ENABLE_STRICT_OBJC_MSGSEND = YES;
				ENABLE_TESTABILITY = YES;
				ENABLE_USER_SCRIPT_SANDBOXING = YES;
				GCC_C_LANGUAGE_STANDARD = gnu17;
				GCC_DYNAMIC_NO_PIC = NO;
				GCC_NO_COMMON_BLOCKS = YES;
				GCC_OPTIMIZATION_LEVEL = 0;
				GCC_PREPROCESSOR_DEFINITIONS = (
					"DEBUG=1",
					"$(inherited)",
				);
				GCC_WARN_64_TO_32_BIT_CONVERSION = YES;
				GCC_WARN_ABOUT_RETURN_TYPE = YES_ERROR;
				GCC_WARN_UNDECLARED_SELECTOR = YES;
				GCC_WARN_UNINITIALIZED_AUTOS = YES_AGGRESSIVE;
				GCC_WARN_UNUSED_FUNCTION = YES;
				GCC_WARN_UNUSED_VARIABLE = YES;
				IPHONEOS_DEPLOYMENT_TARGET = 17.0;
				LOCALIZATION_PREFERS_STRING_CATALOGS = YES;
				MTL_ENABLE_DEBUG_INFO = INCLUDE_SOURCE;
				MTL_FAST_MATH = YES;
				ONLY_ACTIVE_ARCH = YES;
				SDKROOT = iphoneos;
				SWIFT_ACTIVE_COMPILATION_CONDITIONS = "DEBUG $(inherited)";
				SWIFT_OPTIMIZATION_LEVEL = "-Onone";
			};
			name = Debug;
		};
		393F38542B591643008CCC40 /* Release */ = {
			isa = XCBuildConfiguration;
			buildSettings = {
				ALWAYS_SEARCH_USER_PATHS = NO;
				ASSETCATALOG_COMPILER_GENERATE_SWIFT_ASSET_SYMBOL_EXTENSIONS = YES;
				CLANG_ANALYZER_NONNULL = YES;
				CLANG_ANALYZER_NUMBER_OBJECT_CONVERSION = YES_AGGRESSIVE;
				CLANG_CXX_LANGUAGE_STANDARD = "gnu++20";
				CLANG_ENABLE_MODULES = YES;
				CLANG_ENABLE_OBJC_ARC = YES;
				CLANG_ENABLE_OBJC_WEAK = YES;
				CLANG_WARN_BLOCK_CAPTURE_AUTORELEASING = YES;
				CLANG_WARN_BOOL_CONVERSION = YES;
				CLANG_WARN_COMMA = YES;
				CLANG_WARN_CONSTANT_CONVERSION = YES;
				CLANG_WARN_DEPRECATED_OBJC_IMPLEMENTATIONS = YES;
				CLANG_WARN_DIRECT_OBJC_ISA_USAGE = YES_ERROR;
				CLANG_WARN_DOCUMENTATION_COMMENTS = YES;
				CLANG_WARN_EMPTY_BODY = YES;
				CLANG_WARN_ENUM_CONVERSION = YES;
				CLANG_WARN_INFINITE_RECURSION = YES;
				CLANG_WARN_INT_CONVERSION = YES;
				CLANG_WARN_NON_LITERAL_NULL_CONVERSION = YES;
				CLANG_WARN_OBJC_IMPLICIT_RETAIN_SELF = YES;
				CLANG_WARN_OBJC_LITERAL_CONVERSION = YES;
				CLANG_WARN_OBJC_ROOT_CLASS = YES_ERROR;
				CLANG_WARN_QUOTED_INCLUDE_IN_FRAMEWORK_HEADER = YES;
				CLANG_WARN_RANGE_LOOP_ANALYSIS = YES;
				CLANG_WARN_STRICT_PROTOTYPES = YES;
				CLANG_WARN_SUSPICIOUS_MOVE = YES;
				CLANG_WARN_UNGUARDED_AVAILABILITY = YES_AGGRESSIVE;
				CLANG_WARN_UNREACHABLE_CODE = YES;
				CLANG_WARN__DUPLICATE_METHOD_MATCH = YES;
				COPY_PHASE_STRIP = NO;
				DEBUG_INFORMATION_FORMAT = "dwarf-with-dsym";
				ENABLE_NS_ASSERTIONS = NO;
				ENABLE_STRICT_OBJC_MSGSEND = YES;
				ENABLE_USER_SCRIPT_SANDBOXING = YES;
				GCC_C_LANGUAGE_STANDARD = gnu17;
				GCC_NO_COMMON_BLOCKS = YES;
				GCC_WARN_64_TO_32_BIT_CONVERSION = YES;
				GCC_WARN_ABOUT_RETURN_TYPE = YES_ERROR;
				GCC_WARN_UNDECLARED_SELECTOR = YES;
				GCC_WARN_UNINITIALIZED_AUTOS = YES_AGGRESSIVE;
				GCC_WARN_UNUSED_FUNCTION = YES;
				GCC_WARN_UNUSED_VARIABLE = YES;
				IPHONEOS_DEPLOYMENT_TARGET = 17.0;
				LOCALIZATION_PREFERS_STRING_CATALOGS = YES;
				MTL_ENABLE_DEBUG_INFO = NO;
				MTL_FAST_MATH = YES;
				SDKROOT = iphoneos;
				SWIFT_COMPILATION_MODE = wholemodule;
				VALIDATE_PRODUCT = YES;
			};
			name = Release;
		};
		393F38562B591643008CCC40 /* Debug */ = {
			isa = XCBuildConfiguration;
			buildSettings = {
				ASSETCATALOG_COMPILER_APPICON_NAME = AppIcon;
				ASSETCATALOG_COMPILER_GLOBAL_ACCENT_COLOR_NAME = AccentColor;
				CODE_SIGN_STYLE = Automatic;
				CURRENT_PROJECT_VERSION = 1;
				DEVELOPMENT_ASSET_PATHS = "\"Event App/Preview Content\"";
				DEVELOPMENT_TEAM = 27KRXYPLFN;
				ENABLE_PREVIEWS = YES;
				GENERATE_INFOPLIST_FILE = YES;
				INFOPLIST_FILE = "Event-App-Info.plist";
				INFOPLIST_KEY_UIApplicationSceneManifest_Generation = YES;
				INFOPLIST_KEY_UIApplicationSupportsIndirectInputEvents = YES;
				INFOPLIST_KEY_UILaunchScreen_Generation = YES;
				INFOPLIST_KEY_UISupportedInterfaceOrientations_iPad = "UIInterfaceOrientationPortrait UIInterfaceOrientationPortraitUpsideDown UIInterfaceOrientationLandscapeLeft UIInterfaceOrientationLandscapeRight";
				INFOPLIST_KEY_UISupportedInterfaceOrientations_iPhone = "UIInterfaceOrientationPortrait UIInterfaceOrientationLandscapeLeft UIInterfaceOrientationLandscapeRight";
				LD_RUNPATH_SEARCH_PATHS = (
					"$(inherited)",
					"@executable_path/Frameworks",
				);
				MARKETING_VERSION = 1.0;
				PRODUCT_BUNDLE_IDENTIFIER = "kelvingao.Event-App";
				PRODUCT_NAME = "$(TARGET_NAME)";
				SWIFT_EMIT_LOC_STRINGS = YES;
				SWIFT_VERSION = 5.0;
				TARGETED_DEVICE_FAMILY = "1,2";
			};
			name = Debug;
		};
		393F38572B591643008CCC40 /* Release */ = {
			isa = XCBuildConfiguration;
			buildSettings = {
				ASSETCATALOG_COMPILER_APPICON_NAME = AppIcon;
				ASSETCATALOG_COMPILER_GLOBAL_ACCENT_COLOR_NAME = AccentColor;
				CODE_SIGN_STYLE = Automatic;
				CURRENT_PROJECT_VERSION = 1;
				DEVELOPMENT_ASSET_PATHS = "\"Event App/Preview Content\"";
				DEVELOPMENT_TEAM = 27KRXYPLFN;
				ENABLE_PREVIEWS = YES;
				GENERATE_INFOPLIST_FILE = YES;
				INFOPLIST_FILE = "Event-App-Info.plist";
				INFOPLIST_KEY_UIApplicationSceneManifest_Generation = YES;
				INFOPLIST_KEY_UIApplicationSupportsIndirectInputEvents = YES;
				INFOPLIST_KEY_UILaunchScreen_Generation = YES;
				INFOPLIST_KEY_UISupportedInterfaceOrientations_iPad = "UIInterfaceOrientationPortrait UIInterfaceOrientationPortraitUpsideDown UIInterfaceOrientationLandscapeLeft UIInterfaceOrientationLandscapeRight";
				INFOPLIST_KEY_UISupportedInterfaceOrientations_iPhone = "UIInterfaceOrientationPortrait UIInterfaceOrientationLandscapeLeft UIInterfaceOrientationLandscapeRight";
				LD_RUNPATH_SEARCH_PATHS = (
					"$(inherited)",
					"@executable_path/Frameworks",
				);
				MARKETING_VERSION = 1.0;
				PRODUCT_BUNDLE_IDENTIFIER = "kelvingao.Event-App";
				PRODUCT_NAME = "$(TARGET_NAME)";
				SWIFT_EMIT_LOC_STRINGS = YES;
				SWIFT_VERSION = 5.0;
				TARGETED_DEVICE_FAMILY = "1,2";
			};
			name = Release;
		};
		393F38592B591643008CCC40 /* Debug */ = {
			isa = XCBuildConfiguration;
			buildSettings = {
				ALWAYS_EMBED_SWIFT_STANDARD_LIBRARIES = YES;
				BUNDLE_LOADER = "$(TEST_HOST)";
				CODE_SIGN_STYLE = Automatic;
				CURRENT_PROJECT_VERSION = 1;
				DEVELOPMENT_TEAM = 27KRXYPLFN;
				GENERATE_INFOPLIST_FILE = YES;
				IPHONEOS_DEPLOYMENT_TARGET = 17.0;
				MARKETING_VERSION = 1.0;
				PRODUCT_BUNDLE_IDENTIFIER = "kelvingao.Event-AppTests";
				PRODUCT_NAME = "$(TARGET_NAME)";
				SWIFT_EMIT_LOC_STRINGS = NO;
				SWIFT_VERSION = 5.0;
				TARGETED_DEVICE_FAMILY = "1,2";
				TEST_HOST = "$(BUILT_PRODUCTS_DIR)/Event App.app/$(BUNDLE_EXECUTABLE_FOLDER_PATH)/Event App";
			};
			name = Debug;
		};
		393F385A2B591643008CCC40 /* Release */ = {
			isa = XCBuildConfiguration;
			buildSettings = {
				ALWAYS_EMBED_SWIFT_STANDARD_LIBRARIES = YES;
				BUNDLE_LOADER = "$(TEST_HOST)";
				CODE_SIGN_STYLE = Automatic;
				CURRENT_PROJECT_VERSION = 1;
				DEVELOPMENT_TEAM = 27KRXYPLFN;
				GENERATE_INFOPLIST_FILE = YES;
				IPHONEOS_DEPLOYMENT_TARGET = 17.0;
				MARKETING_VERSION = 1.0;
				PRODUCT_BUNDLE_IDENTIFIER = "kelvingao.Event-AppTests";
				PRODUCT_NAME = "$(TARGET_NAME)";
				SWIFT_EMIT_LOC_STRINGS = NO;
				SWIFT_VERSION = 5.0;
				TARGETED_DEVICE_FAMILY = "1,2";
				TEST_HOST = "$(BUILT_PRODUCTS_DIR)/Event App.app/$(BUNDLE_EXECUTABLE_FOLDER_PATH)/Event App";
			};
			name = Release;
		};
		393F385C2B591643008CCC40 /* Debug */ = {
			isa = XCBuildConfiguration;
			buildSettings = {
				ALWAYS_EMBED_SWIFT_STANDARD_LIBRARIES = YES;
				CODE_SIGN_STYLE = Automatic;
				CURRENT_PROJECT_VERSION = 1;
				DEVELOPMENT_TEAM = 27KRXYPLFN;
				GENERATE_INFOPLIST_FILE = YES;
				MARKETING_VERSION = 1.0;
				PRODUCT_BUNDLE_IDENTIFIER = "kelvingao.Event-AppUITests";
				PRODUCT_NAME = "$(TARGET_NAME)";
				SWIFT_EMIT_LOC_STRINGS = NO;
				SWIFT_VERSION = 5.0;
				TARGETED_DEVICE_FAMILY = "1,2";
				TEST_TARGET_NAME = "Event App";
			};
			name = Debug;
		};
		393F385D2B591643008CCC40 /* Release */ = {
			isa = XCBuildConfiguration;
			buildSettings = {
				ALWAYS_EMBED_SWIFT_STANDARD_LIBRARIES = YES;
				CODE_SIGN_STYLE = Automatic;
				CURRENT_PROJECT_VERSION = 1;
				DEVELOPMENT_TEAM = 27KRXYPLFN;
				GENERATE_INFOPLIST_FILE = YES;
				MARKETING_VERSION = 1.0;
				PRODUCT_BUNDLE_IDENTIFIER = "kelvingao.Event-AppUITests";
				PRODUCT_NAME = "$(TARGET_NAME)";
				SWIFT_EMIT_LOC_STRINGS = NO;
				SWIFT_VERSION = 5.0;
				TARGETED_DEVICE_FAMILY = "1,2";
				TEST_TARGET_NAME = "Event App";
			};
			name = Release;
		};
/* End XCBuildConfiguration section */

/* Begin XCConfigurationList section */
		393F382C2B591641008CCC40 /* Build configuration list for PBXProject "Event App" */ = {
			isa = XCConfigurationList;
			buildConfigurations = (
				393F38532B591643008CCC40 /* Debug */,
				393F38542B591643008CCC40 /* Release */,
			);
			defaultConfigurationIsVisible = 0;
			defaultConfigurationName = Release;
		};
		393F38552B591643008CCC40 /* Build configuration list for PBXNativeTarget "Event App" */ = {
			isa = XCConfigurationList;
			buildConfigurations = (
				393F38562B591643008CCC40 /* Debug */,
				393F38572B591643008CCC40 /* Release */,
			);
			defaultConfigurationIsVisible = 0;
			defaultConfigurationName = Release;
		};
		393F38582B591643008CCC40 /* Build configuration list for PBXNativeTarget "Event AppTests" */ = {
			isa = XCConfigurationList;
			buildConfigurations = (
				393F38592B591643008CCC40 /* Debug */,
				393F385A2B591643008CCC40 /* Release */,
			);
			defaultConfigurationIsVisible = 0;
			defaultConfigurationName = Release;
		};
		393F385B2B591643008CCC40 /* Build configuration list for PBXNativeTarget "Event AppUITests" */ = {
			isa = XCConfigurationList;
			buildConfigurations = (
				393F385C2B591643008CCC40 /* Debug */,
				393F385D2B591643008CCC40 /* Release */,
			);
			defaultConfigurationIsVisible = 0;
			defaultConfigurationName = Release;
		};
/* End XCConfigurationList section */

/* Begin XCRemoteSwiftPackageReference section */
		393F38922B59196D008CCC40 /* XCRemoteSwiftPackageReference "Alamofire" */ = {
			isa = XCRemoteSwiftPackageReference;
			repositoryURL = "https://github.com/Alamofire/Alamofire.git";
			requirement = {
				kind = upToNextMajorVersion;
				minimumVersion = 5.8.1;
			};
		};
		B37B383B2B5A49C7002404A1 /* XCRemoteSwiftPackageReference "firebase-ios-sdk" */ = {
			isa = XCRemoteSwiftPackageReference;
			repositoryURL = "https://github.com/firebase/firebase-ios-sdk";
			requirement = {
				kind = upToNextMajorVersion;
				minimumVersion = 10.20.0;
			};
		};
		B3FD0D5A2B5A4772004D2B12 /* XCRemoteSwiftPackageReference "GoogleSignIn-iOS" */ = {
			isa = XCRemoteSwiftPackageReference;
			repositoryURL = "https://github.com/google/GoogleSignIn-iOS";
			requirement = {
				kind = upToNextMajorVersion;
				minimumVersion = 7.0.0;
			};
		};
/* End XCRemoteSwiftPackageReference section */

/* Begin XCSwiftPackageProductDependency section */
		393F38932B59196D008CCC40 /* Alamofire */ = {
			isa = XCSwiftPackageProductDependency;
			package = 393F38922B59196D008CCC40 /* XCRemoteSwiftPackageReference "Alamofire" */;
			productName = Alamofire;
		};
		B37B38372B5A4892002404A1 /* GoogleSignIn */ = {
			isa = XCSwiftPackageProductDependency;
			package = B3FD0D5A2B5A4772004D2B12 /* XCRemoteSwiftPackageReference "GoogleSignIn-iOS" */;
			productName = GoogleSignIn;
		};
		B37B38392B5A4892002404A1 /* GoogleSignInSwift */ = {
			isa = XCSwiftPackageProductDependency;
			package = B3FD0D5A2B5A4772004D2B12 /* XCRemoteSwiftPackageReference "GoogleSignIn-iOS" */;
			productName = GoogleSignInSwift;
		};
		B37B383C2B5A4A12002404A1 /* FirebaseAuth */ = {
			isa = XCSwiftPackageProductDependency;
			package = B37B383B2B5A49C7002404A1 /* XCRemoteSwiftPackageReference "firebase-ios-sdk" */;
			productName = FirebaseAuth;
		};
		B37B38572B5A55FA002404A1 /* FirebaseDatabase */ = {
			isa = XCSwiftPackageProductDependency;
			package = B37B383B2B5A49C7002404A1 /* XCRemoteSwiftPackageReference "firebase-ios-sdk" */;
			productName = FirebaseDatabase;
		};
		B37B38592B5A55FA002404A1 /* FirebaseFirestore */ = {
			isa = XCSwiftPackageProductDependency;
			package = B37B383B2B5A49C7002404A1 /* XCRemoteSwiftPackageReference "firebase-ios-sdk" */;
			productName = FirebaseFirestore;
		};
		B37B385B2B5A55FA002404A1 /* FirebaseFirestoreSwift */ = {
			isa = XCSwiftPackageProductDependency;
			package = B37B383B2B5A49C7002404A1 /* XCRemoteSwiftPackageReference "firebase-ios-sdk" */;
			productName = FirebaseFirestoreSwift;
		};
		B37B385D2B5A55FA002404A1 /* FirebaseStorage */ = {
			isa = XCSwiftPackageProductDependency;
			package = B37B383B2B5A49C7002404A1 /* XCRemoteSwiftPackageReference "firebase-ios-sdk" */;
			productName = FirebaseStorage;
		};
/* End XCSwiftPackageProductDependency section */
	};
	rootObject = 393F38292B591641008CCC40 /* Project object */;
}
